// !$*UTF8*$!
{
	archiveVersion = 1;
	classes = {
	};
	objectVersion = 50;
	objects = {

/* Begin PBXBuildFile section */
		03AD6D7D2325D392006A6B74 /* AppDelegate.swift in Sources */ = {isa = PBXBuildFile; fileRef = 03AD6D7C2325D392006A6B74 /* AppDelegate.swift */; };
		03AD6D7F2325D392006A6B74 /* SceneDelegate.swift in Sources */ = {isa = PBXBuildFile; fileRef = 03AD6D7E2325D392006A6B74 /* SceneDelegate.swift */; };
		03AD6D812325D392006A6B74 /* ContentView.swift in Sources */ = {isa = PBXBuildFile; fileRef = 03AD6D802325D392006A6B74 /* ContentView.swift */; };
		03AD6D832325D394006A6B74 /* Assets.xcassets in Resources */ = {isa = PBXBuildFile; fileRef = 03AD6D822325D394006A6B74 /* Assets.xcassets */; };
		03AD6D862325D394006A6B74 /* Preview Assets.xcassets in Resources */ = {isa = PBXBuildFile; fileRef = 03AD6D852325D394006A6B74 /* Preview Assets.xcassets */; };
		03AD6D892325D394006A6B74 /* LaunchScreen.storyboard in Resources */ = {isa = PBXBuildFile; fileRef = 03AD6D872325D394006A6B74 /* LaunchScreen.storyboard */; };
		03AD6D922325E15E006A6B74 /* Node.swift in Sources */ = {isa = PBXBuildFile; fileRef = 03AD6D912325E15E006A6B74 /* Node.swift */; };
		03AD6D942325E295006A6B74 /* GraphContext.swift in Sources */ = {isa = PBXBuildFile; fileRef = 03AD6D932325E295006A6B74 /* GraphContext.swift */; };
/* End PBXBuildFile section */

/* Begin PBXFileReference section */
		03AD6D792325D392006A6B74 /* graph-view.app */ = {isa = PBXFileReference; explicitFileType = wrapper.application; includeInIndex = 0; path = "graph-view.app"; sourceTree = BUILT_PRODUCTS_DIR; };
		03AD6D7C2325D392006A6B74 /* AppDelegate.swift */ = {isa = PBXFileReference; lastKnownFileType = sourcecode.swift; path = AppDelegate.swift; sourceTree = "<group>"; };
		03AD6D7E2325D392006A6B74 /* SceneDelegate.swift */ = {isa = PBXFileReference; lastKnownFileType = sourcecode.swift; path = SceneDelegate.swift; sourceTree = "<group>"; };
		03AD6D802325D392006A6B74 /* ContentView.swift */ = {isa = PBXFileReference; lastKnownFileType = sourcecode.swift; path = ContentView.swift; sourceTree = "<group>"; };
		03AD6D822325D394006A6B74 /* Assets.xcassets */ = {isa = PBXFileReference; lastKnownFileType = folder.assetcatalog; path = Assets.xcassets; sourceTree = "<group>"; };
		03AD6D852325D394006A6B74 /* Preview Assets.xcassets */ = {isa = PBXFileReference; lastKnownFileType = folder.assetcatalog; path = "Preview Assets.xcassets"; sourceTree = "<group>"; };
		03AD6D882325D394006A6B74 /* Base */ = {isa = PBXFileReference; lastKnownFileType = file.storyboard; name = Base; path = Base.lproj/LaunchScreen.storyboard; sourceTree = "<group>"; };
		03AD6D8A2325D394006A6B74 /* Info.plist */ = {isa = PBXFileReference; lastKnownFileType = text.plist.xml; path = Info.plist; sourceTree = "<group>"; };
		03AD6D912325E15E006A6B74 /* Node.swift */ = {isa = PBXFileReference; lastKnownFileType = sourcecode.swift; path = Node.swift; sourceTree = "<group>"; };
		03AD6D932325E295006A6B74 /* GraphContext.swift */ = {isa = PBXFileReference; lastKnownFileType = sourcecode.swift; path = GraphContext.swift; sourceTree = "<group>"; };
/* End PBXFileReference section */

/* Begin PBXFrameworksBuildPhase section */
		03AD6D762325D392006A6B74 /* Frameworks */ = {
			isa = PBXFrameworksBuildPhase;
			buildActionMask = 2147483647;
			files = (
			);
			runOnlyForDeploymentPostprocessing = 0;
		};
/* End PBXFrameworksBuildPhase section */

/* Begin PBXGroup section */
		03AD6D702325D392006A6B74 = {
			isa = PBXGroup;
			children = (
				03AD6D7B2325D392006A6B74 /* graph-view */,
				03AD6D7A2325D392006A6B74 /* Products */,
			);
			sourceTree = "<group>";
		};
		03AD6D7A2325D392006A6B74 /* Products */ = {
			isa = PBXGroup;
			children = (
				03AD6D792325D392006A6B74 /* graph-view.app */,
			);
			name = Products;
			sourceTree = "<group>";
		};
		03AD6D7B2325D392006A6B74 /* graph-view */ = {
			isa = PBXGroup;
			children = (
				03AD6D7C2325D392006A6B74 /* AppDelegate.swift */,
				03AD6D902325E143006A6B74 /* graph */,
				03AD6D7E2325D392006A6B74 /* SceneDelegate.swift */,
				03AD6D802325D392006A6B74 /* ContentView.swift */,
				03AD6D822325D394006A6B74 /* Assets.xcassets */,
				03AD6D872325D394006A6B74 /* LaunchScreen.storyboard */,
				03AD6D8A2325D394006A6B74 /* Info.plist */,
				03AD6D842325D394006A6B74 /* Preview Content */,
			);
			path = "graph-view";
			sourceTree = "<group>";
		};
		03AD6D842325D394006A6B74 /* Preview Content */ = {
			isa = PBXGroup;
			children = (
				03AD6D852325D394006A6B74 /* Preview Assets.xcassets */,
			);
			path = "Preview Content";
			sourceTree = "<group>";
		};
		03AD6D902325E143006A6B74 /* graph */ = {
			isa = PBXGroup;
			children = (
				03AD6D912325E15E006A6B74 /* Node.swift */,
				03AD6D932325E295006A6B74 /* GraphContext.swift */,
			);
			path = graph;
			sourceTree = "<group>";
		};
/* End PBXGroup section */

/* Begin PBXNativeTarget section */
		03AD6D782325D392006A6B74 /* graph-view */ = {
			isa = PBXNativeTarget;
			buildConfigurationList = 03AD6D8D2325D394006A6B74 /* Build configuration list for PBXNativeTarget "graph-view" */;
			buildPhases = (
				03AD6D752325D392006A6B74 /* Sources */,
				03AD6D762325D392006A6B74 /* Frameworks */,
				03AD6D772325D392006A6B74 /* Resources */,
			);
			buildRules = (
			);
			dependencies = (
			);
			name = "graph-view";
			productName = "graph-view";
			productReference = 03AD6D792325D392006A6B74 /* graph-view.app */;
			productType = "com.apple.product-type.application";
		};
/* End PBXNativeTarget section */

/* Begin PBXProject section */
		03AD6D712325D392006A6B74 /* Project object */ = {
			isa = PBXProject;
			attributes = {
				LastSwiftUpdateCheck = 1100;
				LastUpgradeCheck = 1100;
				ORGANIZATIONNAME = "Devin Lehmacher";
				TargetAttributes = {
					03AD6D782325D392006A6B74 = {
						CreatedOnToolsVersion = 11.0;
					};
				};
			};
			buildConfigurationList = 03AD6D742325D392006A6B74 /* Build configuration list for PBXProject "graph-view" */;
			compatibilityVersion = "Xcode 9.3";
			developmentRegion = en;
			hasScannedForEncodings = 0;
			knownRegions = (
				en,
				Base,
			);
			mainGroup = 03AD6D702325D392006A6B74;
			productRefGroup = 03AD6D7A2325D392006A6B74 /* Products */;
			projectDirPath = "";
			projectRoot = "";
			targets = (
				03AD6D782325D392006A6B74 /* graph-view */,
			);
		};
/* End PBXProject section */

/* Begin PBXResourcesBuildPhase section */
		03AD6D772325D392006A6B74 /* Resources */ = {
			isa = PBXResourcesBuildPhase;
			buildActionMask = 2147483647;
			files = (
				03AD6D892325D394006A6B74 /* LaunchScreen.storyboard in Resources */,
				03AD6D862325D394006A6B74 /* Preview Assets.xcassets in Resources */,
				03AD6D832325D394006A6B74 /* Assets.xcassets in Resources */,
			);
			runOnlyForDeploymentPostprocessing = 0;
		};
/* End PBXResourcesBuildPhase section */

/* Begin PBXSourcesBuildPhase section */
		03AD6D752325D392006A6B74 /* Sources */ = {
			isa = PBXSourcesBuildPhase;
			buildActionMask = 2147483647;
			files = (
				03AD6D942325E295006A6B74 /* GraphContext.swift in Sources */,
				03AD6D7D2325D392006A6B74 /* AppDelegate.swift in Sources */,
				03AD6D7F2325D392006A6B74 /* SceneDelegate.swift in Sources */,
				03AD6D812325D392006A6B74 /* ContentView.swift in Sources */,
				03AD6D922325E15E006A6B74 /* Node.swift in Sources */,
			);
			runOnlyForDeploymentPostprocessing = 0;
		};
/* End PBXSourcesBuildPhase section */

/* Begin PBXVariantGroup section */
		03AD6D872325D394006A6B74 /* LaunchScreen.storyboard */ = {
			isa = PBXVariantGroup;
			children = (
				03AD6D882325D394006A6B74 /* Base */,
			);
			name = LaunchScreen.storyboard;
			sourceTree = "<group>";
		};
/* End PBXVariantGroup section */

/* Begin XCBuildConfiguration section */
		03AD6D8B2325D394006A6B74 /* Debug */ = {
			isa = XCBuildConfiguration;
			buildSettings = {
				ALWAYS_SEARCH_USER_PATHS = NO;
				CLANG_ANALYZER_NONNULL = YES;
				CLANG_ANALYZER_NUMBER_OBJECT_CONVERSION = YES_AGGRESSIVE;
				CLANG_CXX_LANGUAGE_STANDARD = "gnu++14";
				CLANG_CXX_LIBRARY = "libc++";
				CLANG_ENABLE_MODULES = YES;
				CLANG_ENABLE_OBJC_ARC = YES;
				CLANG_ENABLE_OBJC_WEAK = YES;
				CLANG_WARN_BLOCK_CAPTURE_AUTORELEASING = YES;
				CLANG_WARN_BOOL_CONVERSION = YES;
				CLANG_WARN_COMMA = YES;
				CLANG_WARN_CONSTANT_CONVERSION = YES;
				CLANG_WARN_DEPRECATED_OBJC_IMPLEMENTATIONS = YES;
				CLANG_WARN_DIRECT_OBJC_ISA_USAGE = YES_ERROR;
				CLANG_WARN_DOCUMENTATION_COMMENTS = YES;
				CLANG_WARN_EMPTY_BODY = YES;
				CLANG_WARN_ENUM_CONVERSION = YES;
				CLANG_WARN_INFINITE_RECURSION = YES;
				CLANG_WARN_INT_CONVERSION = YES;
				CLANG_WARN_NON_LITERAL_NULL_CONVERSION = YES;
				CLANG_WARN_OBJC_IMPLICIT_RETAIN_SELF = YES;
				CLANG_WARN_OBJC_LITERAL_CONVERSION = YES;
				CLANG_WARN_OBJC_ROOT_CLASS = YES_ERROR;
				CLANG_WARN_RANGE_LOOP_ANALYSIS = YES;
				CLANG_WARN_STRICT_PROTOTYPES = YES;
				CLANG_WARN_SUSPICIOUS_MOVE = YES;
				CLANG_WARN_UNGUARDED_AVAILABILITY = YES_AGGRESSIVE;
				CLANG_WARN_UNREACHABLE_CODE = YES;
				CLANG_WARN__DUPLICATE_METHOD_MATCH = YES;
				COPY_PHASE_STRIP = NO;
				DEBUG_INFORMATION_FORMAT = dwarf;
				ENABLE_STRICT_OBJC_MSGSEND = YES;
				ENABLE_TESTABILITY = YES;
				GCC_C_LANGUAGE_STANDARD = gnu11;
				GCC_DYNAMIC_NO_PIC = NO;
				GCC_NO_COMMON_BLOCKS = YES;
				GCC_OPTIMIZATION_LEVEL = 0;
				GCC_PREPROCESSOR_DEFINITIONS = (
					"DEBUG=1",
					"$(inherited)",
				);
				GCC_WARN_64_TO_32_BIT_CONVERSION = YES;
				GCC_WARN_ABOUT_RETURN_TYPE = YES_ERROR;
				GCC_WARN_UNDECLARED_SELECTOR = YES;
				GCC_WARN_UNINITIALIZED_AUTOS = YES_AGGRESSIVE;
				GCC_WARN_UNUSED_FUNCTION = YES;
				GCC_WARN_UNUSED_VARIABLE = YES;
				IPHONEOS_DEPLOYMENT_TARGET = 13.0;
				MTL_ENABLE_DEBUG_INFO = INCLUDE_SOURCE;
				MTL_FAST_MATH = YES;
				ONLY_ACTIVE_ARCH = YES;
				SDKROOT = iphoneos;
				SWIFT_ACTIVE_COMPILATION_CONDITIONS = DEBUG;
				SWIFT_OPTIMIZATION_LEVEL = "-Onone";
			};
			name = Debug;
		};
		03AD6D8C2325D394006A6B74 /* Release */ = {
			isa = XCBuildConfiguration;
			buildSettings = {
				ALWAYS_SEARCH_USER_PATHS = NO;
				CLANG_ANALYZER_NONNULL = YES;
				CLANG_ANALYZER_NUMBER_OBJECT_CONVERSION = YES_AGGRESSIVE;
				CLANG_CXX_LANGUAGE_STANDARD = "gnu++14";
				CLANG_CXX_LIBRARY = "libc++";
				CLANG_ENABLE_MODULES = YES;
				CLANG_ENABLE_OBJC_ARC = YES;
				CLANG_ENABLE_OBJC_WEAK = YES;
				CLANG_WARN_BLOCK_CAPTURE_AUTORELEASING = YES;
				CLANG_WARN_BOOL_CONVERSION = YES;
				CLANG_WARN_COMMA = YES;
				CLANG_WARN_CONSTANT_CONVERSION = YES;
				CLANG_WARN_DEPRECATED_OBJC_IMPLEMENTATIONS = YES;
				CLANG_WARN_DIRECT_OBJC_ISA_USAGE = YES_ERROR;
				CLANG_WARN_DOCUMENTATION_COMMENTS = YES;
				CLANG_WARN_EMPTY_BODY = YES;
				CLANG_WARN_ENUM_CONVERSION = YES;
				CLANG_WARN_INFINITE_RECURSION = YES;
				CLANG_WARN_INT_CONVERSION = YES;
				CLANG_WARN_NON_LITERAL_NULL_CONVERSION = YES;
				CLANG_WARN_OBJC_IMPLICIT_RETAIN_SELF = YES;
				CLANG_WARN_OBJC_LITERAL_CONVERSION = YES;
				CLANG_WARN_OBJC_ROOT_CLASS = YES_ERROR;
				CLANG_WARN_RANGE_LOOP_ANALYSIS = YES;
				CLANG_WARN_STRICT_PROTOTYPES = YES;
				CLANG_WARN_SUSPICIOUS_MOVE = YES;
				CLANG_WARN_UNGUARDED_AVAILABILITY = YES_AGGRESSIVE;
				CLANG_WARN_UNREACHABLE_CODE = YES;
				CLANG_WARN__DUPLICATE_METHOD_MATCH = YES;
				COPY_PHASE_STRIP = NO;
				DEBUG_INFORMATION_FORMAT = "dwarf-with-dsym";
				ENABLE_NS_ASSERTIONS = NO;
				ENABLE_STRICT_OBJC_MSGSEND = YES;
				GCC_C_LANGUAGE_STANDARD = gnu11;
				GCC_NO_COMMON_BLOCKS = YES;
				GCC_WARN_64_TO_32_BIT_CONVERSION = YES;
				GCC_WARN_ABOUT_RETURN_TYPE = YES_ERROR;
				GCC_WARN_UNDECLARED_SELECTOR = YES;
				GCC_WARN_UNINITIALIZED_AUTOS = YES_AGGRESSIVE;
				GCC_WARN_UNUSED_FUNCTION = YES;
				GCC_WARN_UNUSED_VARIABLE = YES;
				IPHONEOS_DEPLOYMENT_TARGET = 13.0;
				MTL_ENABLE_DEBUG_INFO = NO;
				MTL_FAST_MATH = YES;
				SDKROOT = iphoneos;
				SWIFT_COMPILATION_MODE = wholemodule;
				SWIFT_OPTIMIZATION_LEVEL = "-O";
				VALIDATE_PRODUCT = YES;
			};
			name = Release;
		};
		03AD6D8E2325D394006A6B74 /* Debug */ = {
			isa = XCBuildConfiguration;
			buildSettings = {
				ASSETCATALOG_COMPILER_APPICON_NAME = AppIcon;
				CODE_SIGN_STYLE = Automatic;
				DEVELOPMENT_ASSET_PATHS = "\"graph-view/Preview Content\"";
				DEVELOPMENT_TEAM = YJTZ9H869C;
				ENABLE_PREVIEWS = YES;
				INFOPLIST_FILE = "graph-view/Info.plist";
				LD_RUNPATH_SEARCH_PATHS = (
					"$(inherited)",
					"@executable_path/Frameworks",
				);
				PRODUCT_BUNDLE_IDENTIFIER = "io.github.lehmacdj.graph-view";
				PRODUCT_NAME = "$(TARGET_NAME)";
				SWIFT_VERSION = 5.0;
				TARGETED_DEVICE_FAMILY = "1,2";
			};
			name = Debug;
		};
		03AD6D8F2325D394006A6B74 /* Release */ = {
			isa = XCBuildConfiguration;
			buildSettings = {
				ASSETCATALOG_COMPILER_APPICON_NAME = AppIcon;
				CODE_SIGN_STYLE = Automatic;
				DEVELOPMENT_ASSET_PATHS = "\"graph-view/Preview Content\"";
				DEVELOPMENT_TEAM = YJTZ9H869C;
				ENABLE_PREVIEWS = YES;
				INFOPLIST_FILE = "graph-view/Info.plist";
				LD_RUNPATH_SEARCH_PATHS = (
					"$(inherited)",
					"@executable_path/Frameworks",
				);
				PRODUCT_BUNDLE_IDENTIFIER = "io.github.lehmacdj.graph-view";
				PRODUCT_NAME = "$(TARGET_NAME)";
				SWIFT_VERSION = 5.0;
				TARGETED_DEVICE_FAMILY = "1,2";
			};
			name = Release;
		};
/* End XCBuildConfiguration section */

/* Begin XCConfigurationList section */
		03AD6D742325D392006A6B74 /* Build configuration list for PBXProject "graph-view" */ = {
			isa = XCConfigurationList;
			buildConfigurations = (
				03AD6D8B2325D394006A6B74 /* Debug */,
				03AD6D8C2325D394006A6B74 /* Release */,
			);
			defaultConfigurationIsVisible = 0;
			defaultConfigurationName = Release;
		};
		03AD6D8D2325D394006A6B74 /* Build configuration list for PBXNativeTarget "graph-view" */ = {
			isa = XCConfigurationList;
			buildConfigurations = (
				03AD6D8E2325D394006A6B74 /* Debug */,
				03AD6D8F2325D394006A6B74 /* Release */,
			);
			defaultConfigurationIsVisible = 0;
			defaultConfigurationName = Release;
		};
/* End XCConfigurationList section */
	};
	rootObject = 03AD6D712325D392006A6B74 /* Project object */;
}
