# This file was autogenerated by Stack.
# You should not edit this file by hand.
# For more information, please see the documentation at:
#   https://docs.haskellstack.org/en/stable/topics/lock_files

packages:
- completed:
    hackage: polysemy-readline-0.3.0.0@sha256:588c3eb87d927eb67ecda0e57a81afa502587c08907be3a6413129f8e99c1387,2190
    pantry-tree:
      sha256: 16073b3f87cc4b32116c9461c51eecbd5985852786f6d77d7b08f01c2a1cadcc
      size: 434
  original:
    hackage: polysemy-readline-0.3.0.0
- completed:
    hackage: polysemy-zoo-0.8.2.0@sha256:bd8f802cb0402082053b3b0b97c8b551b071a14960e6b271a5b78be728b73a24,3952
    pantry-tree:
      sha256: 6ba0b1b3b7390946be95267809be44377b2c15da2fae9904fa763f1cbfcb39fd
      size: 2904
  original:
    hackage: polysemy-zoo-0.8.2.0
- completed:
    hackage: haskeline-0.8.2.1@sha256:de3ea3ef41a19c9b04d4f4004d867fc286fca948db6aedb0bad32b99408abaee,6024
    pantry-tree:
      sha256: d9e282839b89b15110727b68cdd0d9539897b86954a922fbcdfc2961775a936f
      size: 2955
  original:
    hackage: haskeline-0.8.2.1
- completed:
    hackage: inline-c-objc-0.1.0.0@sha256:b08f875fc26c6a676eaca1e7de8649c91631b683d7a74bfb0ed09b649358133c,1337
    pantry-tree:
      sha256: cb4a280fb81e2f172794fe7bd426914c3e7f0c0f3fe50ddbd8d5a19b2d5cac04
      size: 233
  original:
    hackage: inline-c-objc-0.1.0.0
- completed:
    hackage: vary-0.1.1.3@sha256:9b93eb580b00a5a0b54bb729f72a13d497637b34c0c95b7661883207af84a01a,6944
    pantry-tree:
      sha256: fd1d66ab0361369a8f502e0ce4d64b87c1b0cd81fce83c59eeb902419b649382
      size: 660
  original:
    hackage: vary-0.1.1.3@sha256:9b93eb580b00a5a0b54bb729f72a13d497637b34c0c95b7661883207af84a01a,6944
- completed:
    hackage: megaparsec-9.7.0@sha256:77e331b4240385974e68d1f8d5ca9014274983cc9ccb8caced743d360c3a409f,3407
    pantry-tree:
      sha256: b8e50b0a933e7d5a0859179203f1dda677fcd57749164168adbd3c815ce733a8
      size: 1612
  original:
    hackage: megaparsec-9.7.0
snapshots:
- completed:
    sha256: 238fa745b64f91184f9aa518fe04bdde6552533d169b0da5256670df83a0f1a9
    size: 721141
    url: https://raw.githubusercontent.com/commercialhaskell/stackage-snapshots/master/lts/22/44.yaml
  original: lts-22.44
