# This file was autogenerated by Stack.
# You should not edit this file by hand.
# For more information, please see the documentation at:
#   https://docs.haskellstack.org/en/stable/topics/lock_files

packages:
- completed:
    hackage: polysemy-readline-0.2.0.0@sha256:30633eaee828f967b9f653f5406e55671684ae1ec6c513e3f2de184a301dadd1,2106
    pantry-tree:
      sha256: 1c50c0a2fc5683c26680a1239423bf52644cef71316c6a317e4086f54c5b0fa9
      size: 434
  original:
    hackage: polysemy-readline-0.2.0.0
- completed:
    hackage: polysemy-zoo-0.8.2.0@sha256:bd8f802cb0402082053b3b0b97c8b551b071a14960e6b271a5b78be728b73a24,3952
    pantry-tree:
      sha256: 6ba0b1b3b7390946be95267809be44377b2c15da2fae9904fa763f1cbfcb39fd
      size: 2904
  original:
    hackage: polysemy-zoo-0.8.2.0
- completed:
    hackage: compact-0.2.0.0@sha256:aa05cd5349f231a42e0b43259015cde3921b609917b695aed15aac44a7f468f4,2413
    pantry-tree:
      sha256: 7b176021d969b21a71427d689d14a7afde322f0eaf58a49709d12a2e29d6feb7
      size: 546
  original:
    hackage: compact-0.2.0.0
- completed:
    hackage: haskeline-0.8.2.1@sha256:de3ea3ef41a19c9b04d4f4004d867fc286fca948db6aedb0bad32b99408abaee,6024
    pantry-tree:
      sha256: d9e282839b89b15110727b68cdd0d9539897b86954a922fbcdfc2961775a936f
      size: 2955
  original:
    hackage: haskeline-0.8.2.1
- completed:
    hackage: inline-c-objc-0.1.0.0@sha256:b08f875fc26c6a676eaca1e7de8649c91631b683d7a74bfb0ed09b649358133c,1337
    pantry-tree:
      sha256: cb4a280fb81e2f172794fe7bd426914c3e7f0c0f3fe50ddbd8d5a19b2d5cac04
      size: 233
  original:
    hackage: inline-c-objc-0.1.0.0
- completed:
    hackage: constraints-0.14.2@sha256:381a53e9d5aad937644d13b5c2c4fcc3698aeba2f83945a42100c6324e0ea8e7,2384
    pantry-tree:
      sha256: 0ce81bffd1abb02033b3ea6b3e857071584c375338e48c7b9f9a54c55b816198
      size: 993
  original:
    hackage: constraints-0.14.2
- completed:
    hackage: ixset-typed-0.5.1.0@sha256:b3bf8ded64523a78a88acf0cbe4c715e9594033a0861fd454e08cb4ef3c9b59b,2738
    pantry-tree:
      sha256: be3c0191a91b6739987e570522e82f8df61ee8fdf49b7c286196c9e4d9d16df8
      size: 475
  original:
    hackage: ixset-typed-0.5.1.0
snapshots:
- completed:
    sha256: 238fa745b64f91184f9aa518fe04bdde6552533d169b0da5256670df83a0f1a9
    size: 721141
    url: https://raw.githubusercontent.com/commercialhaskell/stackage-snapshots/master/lts/22/44.yaml
  original: lts-22.44
