# This file was autogenerated by Stack.
# You should not edit this file by hand.
# For more information, please see the documentation at:
#   https://docs.haskellstack.org/en/stable/lock_files

packages:
- completed:
    hackage: polysemy-plugin-0.3.0.0@sha256:22e7553d0fddb48d9484ba1c71d2ed825213fcb214866d9b502ee02bfb960cb4,3121
    pantry-tree:
      sha256: 8d0bbea846d4410b769687daa8595ff1349efd02c1ab528a857883388dd2db45
      size: 1162
  original:
    hackage: polysemy-plugin-0.3.0.0
- completed:
    hackage: polysemy-1.5.0.0@sha256:7edb723e7f703fe273a40e43fe33f6e8f7659fe60759e8698def1481262d314d,6246
    pantry-tree:
      sha256: 7b7d379751f79f0e0e5afcdf3d8092e5b8e04515710f21f514aa8f29ce4835f4
      size: 4438
  original:
    hackage: polysemy-1.5.0.0
- completed:
    hackage: polysemy-readline-0.2.0.0@sha256:30633eaee828f967b9f653f5406e55671684ae1ec6c513e3f2de184a301dadd1,2106
    pantry-tree:
      sha256: 1c50c0a2fc5683c26680a1239423bf52644cef71316c6a317e4086f54c5b0fa9
      size: 434
  original:
    hackage: polysemy-readline-0.2.0.0
- completed:
    hackage: polysemy-zoo-0.7.0.1@sha256:60c2921df95f61d43222a75adde4f330e9510320b416132838a354cd81b4bcc5,3846
    pantry-tree:
      sha256: af39e295a7831e6bca01fa78df6c538cb6f1dfb339d118056fd0d9c314925726
      size: 2979
  original:
    hackage: polysemy-zoo-0.7.0.1@sha256:60c2921df95f61d43222a75adde4f330e9510320b416132838a354cd81b4bcc5,3846
- completed:
    hackage: compact-0.2.0.0@sha256:9c5785bdc178ea6cf8f514ad35a78c64220e3cdb22216534e4cf496765551c7e,2345
    pantry-tree:
      sha256: 6f7da573fbcddc109e1521edc07f1b34d7506473a3930074453e829daf901d71
      size: 546
  original:
    hackage: compact-0.2.0.0@sha256:9c5785bdc178ea6cf8f514ad35a78c64220e3cdb22216534e4cf496765551c7e,2345
- completed:
    hackage: haskeline-0.8.2@sha256:354f240362c7d0991cfb1b2cce31454b57295d91e4167af1b4810918cd8b30b5,5825
    pantry-tree:
      sha256: 1ccd968a09cc4ade69d2881af035cb0de9209696ee53596d31ef30fef70fcbe2
      size: 2955
  original:
    hackage: haskeline-0.8.2
- completed:
    hackage: terminfo-0.4.1.5@sha256:9c6ed29fac9c860fa590ef0163e73bdfbeebd111fdfe4d1d2fea3063a3c5d21b,1658
    pantry-tree:
      sha256: 6d304054b8dcffd2be7b33940e3cef19e575fcbe0c0af9531579861d1ae9117e
      size: 870
  original:
    hackage: terminfo-0.4.1.5
- completed:
    hackage: witherable-class-0.0.1@sha256:6ec78f157f715098eecc08dff177064abfc783ee2151a95f5aecff5c4c7d2d95,847
    pantry-tree:
      sha256: 8c51a5b96c972d52b999ec0537b56d78c64d76ede72310c7febd2253b692e83b
      size: 275
  original:
    hackage: witherable-class-0.0.1@sha256:6ec78f157f715098eecc08dff177064abfc783ee2151a95f5aecff5c4c7d2d95,847
snapshots:
- completed:
    sha256: 87842ecbaa8ca9cee59a7e6be52369dbed82ed075cb4e0d152614a627e8fd488
    size: 586069
    url: https://raw.githubusercontent.com/commercialhaskell/stackage-snapshots/master/lts/18/14.yaml
  original: lts-18.14
