# This file was autogenerated by Stack.
# You should not edit this file by hand.
# For more information, please see the documentation at:
#   https://docs.haskellstack.org/en/stable/lock_files

packages:
- completed:
    hackage: polysemy-plugin-0.3.0.0@sha256:22e7553d0fddb48d9484ba1c71d2ed825213fcb214866d9b502ee02bfb960cb4,3121
    pantry-tree:
      size: 1162
      sha256: 8d0bbea846d4410b769687daa8595ff1349efd02c1ab528a857883388dd2db45
  original:
    hackage: polysemy-plugin-0.3.0.0
- completed:
    hackage: polysemy-1.5.0.0@sha256:7edb723e7f703fe273a40e43fe33f6e8f7659fe60759e8698def1481262d314d,6246
    pantry-tree:
      size: 4438
      sha256: 7b7d379751f79f0e0e5afcdf3d8092e5b8e04515710f21f514aa8f29ce4835f4
  original:
    hackage: polysemy-1.5.0.0
- completed:
    hackage: polysemy-readline-0.1.0.0@sha256:bd049f9e5252973b8584be2bdae95e7facb3356f834b4f7b613c33a171168944,1860
    pantry-tree:
      size: 377
      sha256: 3fce2458d298cd8fba66f9093594d7f86c194ba5e138425357f48d81c0d303cb
  original:
    hackage: polysemy-readline-0.1.0.0
- completed:
    hackage: polysemy-zoo-0.7.0.1@sha256:60c2921df95f61d43222a75adde4f330e9510320b416132838a354cd81b4bcc5,3846
    pantry-tree:
      size: 2979
      sha256: af39e295a7831e6bca01fa78df6c538cb6f1dfb339d118056fd0d9c314925726
  original:
    hackage: polysemy-zoo-0.7.0.1@sha256:60c2921df95f61d43222a75adde4f330e9510320b416132838a354cd81b4bcc5,3846
- completed:
    hackage: compact-0.2.0.0@sha256:9c5785bdc178ea6cf8f514ad35a78c64220e3cdb22216534e4cf496765551c7e,2345
    pantry-tree:
      size: 546
      sha256: 6f7da573fbcddc109e1521edc07f1b34d7506473a3930074453e829daf901d71
  original:
    hackage: compact-0.2.0.0@sha256:9c5785bdc178ea6cf8f514ad35a78c64220e3cdb22216534e4cf496765551c7e,2345
- completed:
    hackage: haskeline-0.8.1.0@sha256:6a6158c90b929ce7aa5331ff5e9819aa32c7df8f4a7ba324b3cc055ee96b48cb,5818
    pantry-tree:
      size: 2955
      sha256: b80332551d20389637851299b618679a8435531bed1fed905195ae7163526999
  original:
    hackage: haskeline-0.8.1.0
snapshots:
- completed:
    size: 532381
    url: https://raw.githubusercontent.com/commercialhaskell/stackage-snapshots/master/lts/16/11.yaml
    sha256: 1f43c4ad661a114a4f9dd4580988f30da1208d844c097714f5867c52a02e0aa1
  original: lts-16.11
