// !$*UTF8*$!
{
	archiveVersion = 1;
	classes = {
	};
	objectVersion = 54;
	objects = {

/* Begin PBXAggregateTarget section */
		037869C22A5655FB00FEE005 /* Periphery */ = {
			isa = PBXAggregateTarget;
			buildConfigurationList = 037869C32A5655FB00FEE005 /* Build configuration list for PBXAggregateTarget "Periphery" */;
			buildPhases = (
				037869C62A56560E00FEE005 /* ShellScript */,
			);
			dependencies = (
			);
			name = Periphery;
			productName = Periphery;
		};
/* End PBXAggregateTarget section */

/* Begin PBXBuildFile section */
		0300B6C42D275D8700316337 /* ImageView.swift in Sources */ = {isa = PBXBuildFile; fileRef = 0300B6C32D275D8400316337 /* ImageView.swift */; };
		0300B6C62D275DC500316337 /* TagEditor.swift in Sources */ = {isa = PBXBuildFile; fileRef = 0300B6C52D275DC300316337 /* TagEditor.swift */; };
		0300B6CA2D27756000316337 /* GraphRepository+DataNeed.swift in Sources */ = {isa = PBXBuildFile; fileRef = 0300B6C92D27755E00316337 /* GraphRepository+DataNeed.swift */; };
		0300B6CD2D2777C000316337 /* NID+ComputeNodeWithTimestamp.swift in Sources */ = {isa = PBXBuildFile; fileRef = 0300B6CC2D2777B400316337 /* NID+ComputeNodeWithTimestamp.swift */; };
		030CD85829F62B6800C27442 /* FillableSymbol.swift in Sources */ = {isa = PBXBuildFile; fileRef = 030CD85729F62B6800C27442 /* FillableSymbol.swift */; };
		031367E32713FCF200E69F83 /* NodalApp.swift in Sources */ = {isa = PBXBuildFile; fileRef = 031367E22713FCF200E69F83 /* NodalApp.swift */; };
		031367E72713FCF200E69F83 /* ContentView.swift in Sources */ = {isa = PBXBuildFile; fileRef = 031367E62713FCF200E69F83 /* ContentView.swift */; };
		031367E92713FCF400E69F83 /* Assets.xcassets in Resources */ = {isa = PBXBuildFile; fileRef = 031367E82713FCF400E69F83 /* Assets.xcassets */; };
		031367EC2713FCF400E69F83 /* Preview Assets.xcassets in Resources */ = {isa = PBXBuildFile; fileRef = 031367EB2713FCF400E69F83 /* Preview Assets.xcassets */; };
		031367F72713FCF400E69F83 /* LegacyTests.swift in Sources */ = {isa = PBXBuildFile; fileRef = 031367F62713FCF400E69F83 /* LegacyTests.swift */; };
		031368022713FCF400E69F83 /* NodalUITests.swift in Sources */ = {isa = PBXBuildFile; fileRef = 031368012713FCF400E69F83 /* NodalUITests.swift */; };
		0313681227140A0900E69F83 /* Utils.swift in Sources */ = {isa = PBXBuildFile; fileRef = 0313681127140A0900E69F83 /* Utils.swift */; };
		03136814271415FA00E69F83 /* Extensions.swift in Sources */ = {isa = PBXBuildFile; fileRef = 03136813271415FA00E69F83 /* Extensions.swift */; };
		0313681627149ECE00E69F83 /* ZoomableScrollView.swift in Sources */ = {isa = PBXBuildFile; fileRef = 0313681527149ECE00E69F83 /* ZoomableScrollView.swift */; };
		031CE3F429DA8643001470BD /* Suspense.swift in Sources */ = {isa = PBXBuildFile; fileRef = 031CE3F329DA8643001470BD /* Suspense.swift */; };
		031CE3F629E21CDF001470BD /* FillableSymbolToggle.swift in Sources */ = {isa = PBXBuildFile; fileRef = 031CE3F529E21CDF001470BD /* FillableSymbolToggle.swift */; };
		032222E62D2A1A4D00DBECAB /* ConcurrentCache.swift in Sources */ = {isa = PBXBuildFile; fileRef = 032222E52D2A1A4200DBECAB /* ConcurrentCache.swift */; };
		0339C23E29010DA000345CB1 /* TransitionView.swift in Sources */ = {isa = PBXBuildFile; fileRef = 0339C23D29010DA000345CB1 /* TransitionView.swift */; };
		034856AB2D40AB7000223C1A /* Tests.swift in Sources */ = {isa = PBXBuildFile; fileRef = 034856AA2D40AB3500223C1A /* Tests.swift */; };
		034856AD2D40C19B00223C1A /* PreventSleeping.swift in Sources */ = {isa = PBXBuildFile; fileRef = 034856AC2D40C19800223C1A /* PreventSleeping.swift */; };
		035450022969D74100B5AAF6 /* FileSelectorView.swift in Sources */ = {isa = PBXBuildFile; fileRef = 035450012969D74100B5AAF6 /* FileSelectorView.swift */; };
		0357C4CB2D2B6A4D00F7D03A /* Logging.swift in Sources */ = {isa = PBXBuildFile; fileRef = 0357C4CA2D2B6A4A00F7D03A /* Logging.swift */; };
		0357C4CF2D2B724A00F7D03A /* Base62Id.swift in Sources */ = {isa = PBXBuildFile; fileRef = 0357C4CE2D2B724500F7D03A /* Base62Id.swift */; };
		0367FDCC2B1BBB4B00D4B3B3 /* NodeMetadataDocument.swift in Sources */ = {isa = PBXBuildFile; fileRef = 0367FDCB2B1BBB4B00D4B3B3 /* NodeMetadataDocument.swift */; };
		0375E7C82782C06000FB6548 /* SafariView.swift in Sources */ = {isa = PBXBuildFile; fileRef = 0375E7C72782C06000FB6548 /* SafariView.swift */; };
		0375E9482D34C475006175F0 /* GraphTimestampModels.swift in Sources */ = {isa = PBXBuildFile; fileRef = 0375E9472D34C475006175F0 /* GraphTimestampModels.swift */; };
		0375E94A2D34C50B006175F0 /* Node+Codable.swift in Sources */ = {isa = PBXBuildFile; fileRef = 0375E9492D34C507006175F0 /* Node+Codable.swift */; };
		0375E94C2D34C65D006175F0 /* Node+NoAugmentation.swift in Sources */ = {isa = PBXBuildFile; fileRef = 0375E94B2D34C658006175F0 /* Node+NoAugmentation.swift */; };
		038C93032A397ECF0059C8D6 /* Optional+Unwrapped.swift in Sources */ = {isa = PBXBuildFile; fileRef = 038C93022A397ECF0059C8D6 /* Optional+Unwrapped.swift */; };
		039438FB2D0FB3570078EE32 /* GraphRepositoryTransitionVM.swift in Sources */ = {isa = PBXBuildFile; fileRef = 039438FA2D0FB34C0078EE32 /* GraphRepositoryTransitionVM.swift */; };
		039438FD2D0FB3670078EE32 /* GraphRepositoryNodeVM.swift in Sources */ = {isa = PBXBuildFile; fileRef = 039438FC2D0FB3620078EE32 /* GraphRepositoryNodeVM.swift */; };
		039439012D0FCDEF0078EE32 /* TransitionKey.swift in Sources */ = {isa = PBXBuildFile; fileRef = 039439002D0FCDED0078EE32 /* TransitionKey.swift */; };
		0395BD002D2073DB000C5D44 /* MaxAccumulator.swift in Sources */ = {isa = PBXBuildFile; fileRef = 0395BCFF2D2073CE000C5D44 /* MaxAccumulator.swift */; };
		03A32F942A89684F00C6A30B /* AsyncButton in Frameworks */ = {isa = PBXBuildFile; productRef = 03A32F932A89684F00C6A30B /* AsyncButton */; };
		03A32F962AAD929000C6A30B /* WeakDictionary.swift in Sources */ = {isa = PBXBuildFile; fileRef = 03A32F952AAD929000C6A30B /* WeakDictionary.swift */; };
		03A934C42A3F8AC20011DB8D /* DataDocument.swift in Sources */ = {isa = PBXBuildFile; fileRef = 03A934C32A3F8AC20011DB8D /* DataDocument.swift */; };
		03ABF77F2CD6CB0F00738F76 /* Algorithms in Frameworks */ = {isa = PBXBuildFile; productRef = 03ABF77E2CD6CB0F00738F76 /* Algorithms */; };
		03ABF7812CD6CB0F00738F76 /* AsyncAlgorithms in Frameworks */ = {isa = PBXBuildFile; productRef = 03ABF7802CD6CB0F00738F76 /* AsyncAlgorithms */; };
		03ABF7862CD6D0A800738F76 /* NID.swift in Sources */ = {isa = PBXBuildFile; fileRef = 03ABF7852CD6D0A400738F76 /* NID.swift */; };
		03ABF78A2CD6D0EB00738F76 /* NodeDTO.swift in Sources */ = {isa = PBXBuildFile; fileRef = 03ABF7892CD6D0E200738F76 /* NodeDTO.swift */; };
		03ABF78C2CD6D0F000738F76 /* ConnectDTO.swift in Sources */ = {isa = PBXBuildFile; fileRef = 03ABF78B2CD6D0EE00738F76 /* ConnectDTO.swift */; };
		03ABF78E2CD6D13C00738F76 /* NodeTransition.swift in Sources */ = {isa = PBXBuildFile; fileRef = 03ABF78D2CD6D13600738F76 /* NodeTransition.swift */; };
		03ABF7902CD6D16A00738F76 /* SystemNodes.swift in Sources */ = {isa = PBXBuildFile; fileRef = 03ABF78F2CD6D16500738F76 /* SystemNodes.swift */; };
		03ABF7922CD6D37400738F76 /* GraphRepository.swift in Sources */ = {isa = PBXBuildFile; fileRef = 03ABF7912CD6D37100738F76 /* GraphRepository.swift */; };
		03ABF7992CD9B6A600738F76 /* Node.swift in Sources */ = {isa = PBXBuildFile; fileRef = 03ABF7982CD9B6A400738F76 /* Node.swift */; };
		03ABF7A22CD9C1D700738F76 /* FilesystemGraphRepository.swift in Sources */ = {isa = PBXBuildFile; fileRef = 03ABF7A12CD9C1D200738F76 /* FilesystemGraphRepository.swift */; };
		03ABF7A42CFC07D100738F76 /* URL+GraphPaths.swift in Sources */ = {isa = PBXBuildFile; fileRef = 03ABF7A32CFC07C600738F76 /* URL+GraphPaths.swift */; };
		03C84EA42C27734C00DB3869 /* MockNodeVM.swift in Sources */ = {isa = PBXBuildFile; fileRef = 03C84EA32C27734C00DB3869 /* MockNodeVM.swift */; };
		03C84EA62C27735600DB3869 /* MockTransitionVM.swift in Sources */ = {isa = PBXBuildFile; fileRef = 03C84EA52C27735600DB3869 /* MockTransitionVM.swift */; };
		03C84EA82C27784000DB3869 /* Base62.swift in Sources */ = {isa = PBXBuildFile; fileRef = 03C84EA72C27784000DB3869 /* Base62.swift */; };
		03C9CB3F2A7765BF007F29E7 /* AnyNodeVM.swift in Sources */ = {isa = PBXBuildFile; fileRef = 03C9CB3E2A7765BF007F29E7 /* AnyNodeVM.swift */; };
		03C9CB412A7765C9007F29E7 /* AnyTransitionVM.swift in Sources */ = {isa = PBXBuildFile; fileRef = 03C9CB402A7765C9007F29E7 /* AnyTransitionVM.swift */; };
		03CB440C2D343D8600F0B675 /* FileAvailabilityObserver.swift in Sources */ = {isa = PBXBuildFile; fileRef = 03CB440B2D343D7400F0B675 /* FileAvailabilityObserver.swift */; };
		03D1D8DE28FB559B00E76F27 /* NodeView.swift in Sources */ = {isa = PBXBuildFile; fileRef = 03D1D8DD28FB559B00E76F27 /* NodeView.swift */; };
		03DD60D129D0C809005EC4A5 /* Loading.swift in Sources */ = {isa = PBXBuildFile; fileRef = 03DD60D029D0C809005EC4A5 /* Loading.swift */; };
		03DD60D429D105C1005EC4A5 /* TransitionVM.swift in Sources */ = {isa = PBXBuildFile; fileRef = 03DD60D329D105C1005EC4A5 /* TransitionVM.swift */; };
		03DD60D629D11E04005EC4A5 /* ErrorIndicator.swift in Sources */ = {isa = PBXBuildFile; fileRef = 03DD60D529D11E04005EC4A5 /* ErrorIndicator.swift */; };
		03DD60D829D15891005EC4A5 /* NodeVM.swift in Sources */ = {isa = PBXBuildFile; fileRef = 03DD60D729D15891005EC4A5 /* NodeVM.swift */; };
		03DFE0B02A642F2900370692 /* Geometry.swift in Sources */ = {isa = PBXBuildFile; fileRef = 03DFE0AF2A642F2900370692 /* Geometry.swift */; };
		03EB93042A62158E0014BBF8 /* ZoomableView.swift in Sources */ = {isa = PBXBuildFile; fileRef = 03EB93032A62158E0014BBF8 /* ZoomableView.swift */; };
/* End PBXBuildFile section */

/* Begin PBXContainerItemProxy section */
		031367F32713FCF400E69F83 /* PBXContainerItemProxy */ = {
			isa = PBXContainerItemProxy;
			containerPortal = 031367D72713FCF200E69F83 /* Project object */;
			proxyType = 1;
			remoteGlobalIDString = 031367DE2713FCF200E69F83;
			remoteInfo = Nodal;
		};
		031367FE2713FCF400E69F83 /* PBXContainerItemProxy */ = {
			isa = PBXContainerItemProxy;
			containerPortal = 031367D72713FCF200E69F83 /* Project object */;
			proxyType = 1;
			remoteGlobalIDString = 031367DE2713FCF200E69F83;
			remoteInfo = Nodal;
		};
/* End PBXContainerItemProxy section */

/* Begin PBXFileReference section */
		0300B6C32D275D8400316337 /* ImageView.swift */ = {isa = PBXFileReference; lastKnownFileType = sourcecode.swift; path = ImageView.swift; sourceTree = "<group>"; };
		0300B6C52D275DC300316337 /* TagEditor.swift */ = {isa = PBXFileReference; lastKnownFileType = sourcecode.swift; path = TagEditor.swift; sourceTree = "<group>"; };
		0300B6C92D27755E00316337 /* GraphRepository+DataNeed.swift */ = {isa = PBXFileReference; lastKnownFileType = sourcecode.swift; path = "GraphRepository+DataNeed.swift"; sourceTree = "<group>"; };
		0300B6CC2D2777B400316337 /* NID+ComputeNodeWithTimestamp.swift */ = {isa = PBXFileReference; lastKnownFileType = sourcecode.swift; path = "NID+ComputeNodeWithTimestamp.swift"; sourceTree = "<group>"; };
		030CD85729F62B6800C27442 /* FillableSymbol.swift */ = {isa = PBXFileReference; lastKnownFileType = sourcecode.swift; path = FillableSymbol.swift; sourceTree = "<group>"; };
		031367DF2713FCF200E69F83 /* Nodal.app */ = {isa = PBXFileReference; explicitFileType = wrapper.application; includeInIndex = 0; path = Nodal.app; sourceTree = BUILT_PRODUCTS_DIR; };
		031367E22713FCF200E69F83 /* NodalApp.swift */ = {isa = PBXFileReference; lastKnownFileType = sourcecode.swift; path = NodalApp.swift; sourceTree = "<group>"; };
		031367E62713FCF200E69F83 /* ContentView.swift */ = {isa = PBXFileReference; lastKnownFileType = sourcecode.swift; path = ContentView.swift; sourceTree = "<group>"; };
		031367E82713FCF400E69F83 /* Assets.xcassets */ = {isa = PBXFileReference; lastKnownFileType = folder.assetcatalog; path = Assets.xcassets; sourceTree = "<group>"; };
		031367EB2713FCF400E69F83 /* Preview Assets.xcassets */ = {isa = PBXFileReference; lastKnownFileType = folder.assetcatalog; path = "Preview Assets.xcassets"; sourceTree = "<group>"; };
		031367ED2713FCF400E69F83 /* Info.plist */ = {isa = PBXFileReference; lastKnownFileType = text.plist.xml; path = Info.plist; sourceTree = "<group>"; };
		031367F22713FCF400E69F83 /* NodalTests.xctest */ = {isa = PBXFileReference; explicitFileType = wrapper.cfbundle; includeInIndex = 0; path = NodalTests.xctest; sourceTree = BUILT_PRODUCTS_DIR; };
		031367F62713FCF400E69F83 /* LegacyTests.swift */ = {isa = PBXFileReference; lastKnownFileType = sourcecode.swift; path = LegacyTests.swift; sourceTree = "<group>"; };
		031367F82713FCF400E69F83 /* Info.plist */ = {isa = PBXFileReference; lastKnownFileType = text.plist.xml; path = Info.plist; sourceTree = "<group>"; };
		031367FD2713FCF400E69F83 /* NodalUITests.xctest */ = {isa = PBXFileReference; explicitFileType = wrapper.cfbundle; includeInIndex = 0; path = NodalUITests.xctest; sourceTree = BUILT_PRODUCTS_DIR; };
		031368012713FCF400E69F83 /* NodalUITests.swift */ = {isa = PBXFileReference; lastKnownFileType = sourcecode.swift; path = NodalUITests.swift; sourceTree = "<group>"; };
		031368032713FCF400E69F83 /* Info.plist */ = {isa = PBXFileReference; lastKnownFileType = text.plist.xml; path = Info.plist; sourceTree = "<group>"; };
		0313681127140A0900E69F83 /* Utils.swift */ = {isa = PBXFileReference; lastKnownFileType = sourcecode.swift; path = Utils.swift; sourceTree = "<group>"; };
		03136813271415FA00E69F83 /* Extensions.swift */ = {isa = PBXFileReference; lastKnownFileType = sourcecode.swift; path = Extensions.swift; sourceTree = "<group>"; };
		0313681527149ECE00E69F83 /* ZoomableScrollView.swift */ = {isa = PBXFileReference; lastKnownFileType = sourcecode.swift; path = ZoomableScrollView.swift; sourceTree = "<group>"; };
		031CE3F329DA8643001470BD /* Suspense.swift */ = {isa = PBXFileReference; lastKnownFileType = sourcecode.swift; path = Suspense.swift; sourceTree = "<group>"; };
		031CE3F529E21CDF001470BD /* FillableSymbolToggle.swift */ = {isa = PBXFileReference; lastKnownFileType = sourcecode.swift; path = FillableSymbolToggle.swift; sourceTree = "<group>"; };
		032222E52D2A1A4200DBECAB /* ConcurrentCache.swift */ = {isa = PBXFileReference; lastKnownFileType = sourcecode.swift; path = ConcurrentCache.swift; sourceTree = "<group>"; };
		0339C23D29010DA000345CB1 /* TransitionView.swift */ = {isa = PBXFileReference; lastKnownFileType = sourcecode.swift; path = TransitionView.swift; sourceTree = "<group>"; };
		034856AA2D40AB3500223C1A /* Tests.swift */ = {isa = PBXFileReference; lastKnownFileType = sourcecode.swift; path = Tests.swift; sourceTree = "<group>"; };
		034856AC2D40C19800223C1A /* PreventSleeping.swift */ = {isa = PBXFileReference; lastKnownFileType = sourcecode.swift; path = PreventSleeping.swift; sourceTree = "<group>"; };
		035450012969D74100B5AAF6 /* FileSelectorView.swift */ = {isa = PBXFileReference; lastKnownFileType = sourcecode.swift; path = FileSelectorView.swift; sourceTree = "<group>"; };
		0357C4CA2D2B6A4A00F7D03A /* Logging.swift */ = {isa = PBXFileReference; lastKnownFileType = sourcecode.swift; path = Logging.swift; sourceTree = "<group>"; };
		0357C4CE2D2B724500F7D03A /* Base62Id.swift */ = {isa = PBXFileReference; lastKnownFileType = sourcecode.swift; path = Base62Id.swift; sourceTree = "<group>"; };
		0367FDCB2B1BBB4B00D4B3B3 /* NodeMetadataDocument.swift */ = {isa = PBXFileReference; lastKnownFileType = sourcecode.swift; path = NodeMetadataDocument.swift; sourceTree = "<group>"; };
		0368D1E829976B4C0026D9EE /* Nodal.entitlements */ = {isa = PBXFileReference; lastKnownFileType = text.plist.entitlements; path = Nodal.entitlements; sourceTree = "<group>"; };
		0375E7C72782C06000FB6548 /* SafariView.swift */ = {isa = PBXFileReference; lastKnownFileType = sourcecode.swift; path = SafariView.swift; sourceTree = "<group>"; };
		0375E9472D34C475006175F0 /* GraphTimestampModels.swift */ = {isa = PBXFileReference; lastKnownFileType = sourcecode.swift; path = GraphTimestampModels.swift; sourceTree = "<group>"; };
		0375E9492D34C507006175F0 /* Node+Codable.swift */ = {isa = PBXFileReference; lastKnownFileType = sourcecode.swift; path = "Node+Codable.swift"; sourceTree = "<group>"; };
		0375E94B2D34C658006175F0 /* Node+NoAugmentation.swift */ = {isa = PBXFileReference; lastKnownFileType = sourcecode.swift; path = "Node+NoAugmentation.swift"; sourceTree = "<group>"; };
		038C93022A397ECF0059C8D6 /* Optional+Unwrapped.swift */ = {isa = PBXFileReference; lastKnownFileType = sourcecode.swift; path = "Optional+Unwrapped.swift"; sourceTree = "<group>"; };
		039438FA2D0FB34C0078EE32 /* GraphRepositoryTransitionVM.swift */ = {isa = PBXFileReference; lastKnownFileType = sourcecode.swift; path = GraphRepositoryTransitionVM.swift; sourceTree = "<group>"; };
		039438FC2D0FB3620078EE32 /* GraphRepositoryNodeVM.swift */ = {isa = PBXFileReference; lastKnownFileType = sourcecode.swift; path = GraphRepositoryNodeVM.swift; sourceTree = "<group>"; };
		039439002D0FCDED0078EE32 /* TransitionKey.swift */ = {isa = PBXFileReference; lastKnownFileType = sourcecode.swift; path = TransitionKey.swift; sourceTree = "<group>"; };
		0395BCFF2D2073CE000C5D44 /* MaxAccumulator.swift */ = {isa = PBXFileReference; lastKnownFileType = sourcecode.swift; path = MaxAccumulator.swift; sourceTree = "<group>"; };
		03A32F952AAD929000C6A30B /* WeakDictionary.swift */ = {isa = PBXFileReference; lastKnownFileType = sourcecode.swift; path = WeakDictionary.swift; sourceTree = "<group>"; };
		03A934C32A3F8AC20011DB8D /* DataDocument.swift */ = {isa = PBXFileReference; lastKnownFileType = sourcecode.swift; path = DataDocument.swift; sourceTree = "<group>"; };
		03ABF7852CD6D0A400738F76 /* NID.swift */ = {isa = PBXFileReference; lastKnownFileType = sourcecode.swift; path = NID.swift; sourceTree = "<group>"; };
		03ABF7892CD6D0E200738F76 /* NodeDTO.swift */ = {isa = PBXFileReference; lastKnownFileType = sourcecode.swift; path = NodeDTO.swift; sourceTree = "<group>"; };
		03ABF78B2CD6D0EE00738F76 /* ConnectDTO.swift */ = {isa = PBXFileReference; lastKnownFileType = sourcecode.swift; path = ConnectDTO.swift; sourceTree = "<group>"; };
		03ABF78D2CD6D13600738F76 /* NodeTransition.swift */ = {isa = PBXFileReference; lastKnownFileType = sourcecode.swift; path = NodeTransition.swift; sourceTree = "<group>"; };
		03ABF78F2CD6D16500738F76 /* SystemNodes.swift */ = {isa = PBXFileReference; lastKnownFileType = sourcecode.swift; path = SystemNodes.swift; sourceTree = "<group>"; };
		03ABF7912CD6D37100738F76 /* GraphRepository.swift */ = {isa = PBXFileReference; lastKnownFileType = sourcecode.swift; path = GraphRepository.swift; sourceTree = "<group>"; };
		03ABF7982CD9B6A400738F76 /* Node.swift */ = {isa = PBXFileReference; lastKnownFileType = sourcecode.swift; path = Node.swift; sourceTree = "<group>"; };
		03ABF7A12CD9C1D200738F76 /* FilesystemGraphRepository.swift */ = {isa = PBXFileReference; lastKnownFileType = sourcecode.swift; path = FilesystemGraphRepository.swift; sourceTree = "<group>"; };
		03ABF7A32CFC07C600738F76 /* URL+GraphPaths.swift */ = {isa = PBXFileReference; lastKnownFileType = sourcecode.swift; path = "URL+GraphPaths.swift"; sourceTree = "<group>"; };
		03C84EA32C27734C00DB3869 /* MockNodeVM.swift */ = {isa = PBXFileReference; lastKnownFileType = sourcecode.swift; path = MockNodeVM.swift; sourceTree = "<group>"; };
		03C84EA52C27735600DB3869 /* MockTransitionVM.swift */ = {isa = PBXFileReference; lastKnownFileType = sourcecode.swift; path = MockTransitionVM.swift; sourceTree = "<group>"; };
		03C84EA72C27784000DB3869 /* Base62.swift */ = {isa = PBXFileReference; lastKnownFileType = sourcecode.swift; path = Base62.swift; sourceTree = "<group>"; };
		03C9CB3E2A7765BF007F29E7 /* AnyNodeVM.swift */ = {isa = PBXFileReference; lastKnownFileType = sourcecode.swift; path = AnyNodeVM.swift; sourceTree = "<group>"; };
		03C9CB402A7765C9007F29E7 /* AnyTransitionVM.swift */ = {isa = PBXFileReference; lastKnownFileType = sourcecode.swift; path = AnyTransitionVM.swift; sourceTree = "<group>"; };
		03CB440B2D343D7400F0B675 /* FileAvailabilityObserver.swift */ = {isa = PBXFileReference; lastKnownFileType = sourcecode.swift; path = FileAvailabilityObserver.swift; sourceTree = "<group>"; };
		03D1D8DD28FB559B00E76F27 /* NodeView.swift */ = {isa = PBXFileReference; lastKnownFileType = sourcecode.swift; path = NodeView.swift; sourceTree = "<group>"; };
		03DD60D029D0C809005EC4A5 /* Loading.swift */ = {isa = PBXFileReference; lastKnownFileType = sourcecode.swift; path = Loading.swift; sourceTree = "<group>"; };
		03DD60D329D105C1005EC4A5 /* TransitionVM.swift */ = {isa = PBXFileReference; lastKnownFileType = sourcecode.swift; path = TransitionVM.swift; sourceTree = "<group>"; };
		03DD60D529D11E04005EC4A5 /* ErrorIndicator.swift */ = {isa = PBXFileReference; lastKnownFileType = sourcecode.swift; path = ErrorIndicator.swift; sourceTree = "<group>"; };
		03DD60D729D15891005EC4A5 /* NodeVM.swift */ = {isa = PBXFileReference; lastKnownFileType = sourcecode.swift; path = NodeVM.swift; sourceTree = "<group>"; };
		03DFE0AF2A642F2900370692 /* Geometry.swift */ = {isa = PBXFileReference; lastKnownFileType = sourcecode.swift; path = Geometry.swift; sourceTree = "<group>"; };
		03EB93032A62158E0014BBF8 /* ZoomableView.swift */ = {isa = PBXFileReference; lastKnownFileType = sourcecode.swift; path = ZoomableView.swift; sourceTree = "<group>"; };
/* End PBXFileReference section */

/* Begin PBXFrameworksBuildPhase section */
		031367DC2713FCF200E69F83 /* Frameworks */ = {
			isa = PBXFrameworksBuildPhase;
			buildActionMask = 2147483647;
			files = (
				03ABF77F2CD6CB0F00738F76 /* Algorithms in Frameworks */,
				03A32F942A89684F00C6A30B /* AsyncButton in Frameworks */,
				03ABF7812CD6CB0F00738F76 /* AsyncAlgorithms in Frameworks */,
			);
			runOnlyForDeploymentPostprocessing = 0;
		};
		031367EF2713FCF400E69F83 /* Frameworks */ = {
			isa = PBXFrameworksBuildPhase;
			buildActionMask = 2147483647;
			files = (
			);
			runOnlyForDeploymentPostprocessing = 0;
		};
		031367FA2713FCF400E69F83 /* Frameworks */ = {
			isa = PBXFrameworksBuildPhase;
			buildActionMask = 2147483647;
			files = (
			);
			runOnlyForDeploymentPostprocessing = 0;
		};
/* End PBXFrameworksBuildPhase section */

/* Begin PBXGroup section */
		0300B6CB2D2777AF00316337 /* ComputeValueHelpers */ = {
			isa = PBXGroup;
			children = (
				0300B6CC2D2777B400316337 /* NID+ComputeNodeWithTimestamp.swift */,
			);
			path = ComputeValueHelpers;
			sourceTree = "<group>";
		};
		031367D62713FCF200E69F83 = {
			isa = PBXGroup;
			children = (
				031367E12713FCF200E69F83 /* Nodal */,
				031367F52713FCF400E69F83 /* NodalTests */,
				031368002713FCF400E69F83 /* NodalUITests */,
				031367E02713FCF200E69F83 /* Products */,
				03A32F922A89684F00C6A30B /* Frameworks */,
			);
			sourceTree = "<group>";
		};
		031367E02713FCF200E69F83 /* Products */ = {
			isa = PBXGroup;
			children = (
				031367DF2713FCF200E69F83 /* Nodal.app */,
				031367F22713FCF400E69F83 /* NodalTests.xctest */,
				031367FD2713FCF400E69F83 /* NodalUITests.xctest */,
			);
			name = Products;
			sourceTree = "<group>";
		};
		031367E12713FCF200E69F83 /* Nodal */ = {
			isa = PBXGroup;
			children = (
				03ABF7822CD6D00C00738F76 /* Model */,
				032959ED29CA996000FDE138 /* DataAccess */,
				03ABF7832CD6D02400738F76 /* Repository */,
				03DD60D229D105B2005EC4A5 /* ViewModel */,
				03D1D8DF28FB564700E76F27 /* AppViews */,
				0351022D2BF1B9A2000F3E1E /* Components */,
				032959EE29CA997A00FDE138 /* Utils */,
				031367E22713FCF200E69F83 /* NodalApp.swift */,
				031367E82713FCF400E69F83 /* Assets.xcassets */,
				031367ED2713FCF400E69F83 /* Info.plist */,
				0368D1E829976B4C0026D9EE /* Nodal.entitlements */,
				031367EA2713FCF400E69F83 /* Preview Content */,
			);
			path = Nodal;
			sourceTree = "<group>";
		};
		031367EA2713FCF400E69F83 /* Preview Content */ = {
			isa = PBXGroup;
			children = (
				031367EB2713FCF400E69F83 /* Preview Assets.xcassets */,
			);
			path = "Preview Content";
			sourceTree = "<group>";
		};
		031367F52713FCF400E69F83 /* NodalTests */ = {
			isa = PBXGroup;
			children = (
				034856AA2D40AB3500223C1A /* Tests.swift */,
				031367F62713FCF400E69F83 /* LegacyTests.swift */,
				031367F82713FCF400E69F83 /* Info.plist */,
			);
			path = NodalTests;
			sourceTree = "<group>";
		};
		031368002713FCF400E69F83 /* NodalUITests */ = {
			isa = PBXGroup;
			children = (
				031368012713FCF400E69F83 /* NodalUITests.swift */,
				031368032713FCF400E69F83 /* Info.plist */,
			);
			path = NodalUITests;
			sourceTree = "<group>";
		};
		032959ED29CA996000FDE138 /* DataAccess */ = {
			isa = PBXGroup;
			children = (
				03A934C32A3F8AC20011DB8D /* DataDocument.swift */,
				0367FDCB2B1BBB4B00D4B3B3 /* NodeMetadataDocument.swift */,
				03ABF78B2CD6D0EE00738F76 /* ConnectDTO.swift */,
				03ABF7892CD6D0E200738F76 /* NodeDTO.swift */,
			);
			path = DataAccess;
			sourceTree = "<group>";
		};
		032959EE29CA997A00FDE138 /* Utils */ = {
			isa = PBXGroup;
			children = (
				03CB440B2D343D7400F0B675 /* FileAvailabilityObserver.swift */,
				0357C4CA2D2B6A4A00F7D03A /* Logging.swift */,
				0395BCFF2D2073CE000C5D44 /* MaxAccumulator.swift */,
				03ABF7A32CFC07C600738F76 /* URL+GraphPaths.swift */,
				03A32F952AAD929000C6A30B /* WeakDictionary.swift */,
				0313681127140A0900E69F83 /* Utils.swift */,
				03136813271415FA00E69F83 /* Extensions.swift */,
				03DD60D029D0C809005EC4A5 /* Loading.swift */,
				038C93022A397ECF0059C8D6 /* Optional+Unwrapped.swift */,
				03DFE0AF2A642F2900370692 /* Geometry.swift */,
				03C84EA72C27784000DB3869 /* Base62.swift */,
			);
			path = Utils;
			sourceTree = "<group>";
		};
		0351022D2BF1B9A2000F3E1E /* Components */ = {
			isa = PBXGroup;
			children = (
				034856AC2D40C19800223C1A /* PreventSleeping.swift */,
				031CE3F329DA8643001470BD /* Suspense.swift */,
				03DD60D529D11E04005EC4A5 /* ErrorIndicator.swift */,
				0375E7C72782C06000FB6548 /* SafariView.swift */,
				030CD85729F62B6800C27442 /* FillableSymbol.swift */,
				031CE3F529E21CDF001470BD /* FillableSymbolToggle.swift */,
				03EB93032A62158E0014BBF8 /* ZoomableView.swift */,
				0313681527149ECE00E69F83 /* ZoomableScrollView.swift */,
			);
			path = Components;
			sourceTree = "<group>";
		};
		03A32F922A89684F00C6A30B /* Frameworks */ = {
			isa = PBXGroup;
			children = (
			);
			name = Frameworks;
			sourceTree = "<group>";
		};
		03ABF7822CD6D00C00738F76 /* Model */ = {
			isa = PBXGroup;
			children = (
				03ABF7982CD9B6A400738F76 /* Node.swift */,
				0375E94B2D34C658006175F0 /* Node+NoAugmentation.swift */,
				0375E9492D34C507006175F0 /* Node+Codable.swift */,
				03ABF78D2CD6D13600738F76 /* NodeTransition.swift */,
				039439002D0FCDED0078EE32 /* TransitionKey.swift */,
				0357C4CE2D2B724500F7D03A /* Base62Id.swift */,
				03ABF7852CD6D0A400738F76 /* NID.swift */,
				03ABF78F2CD6D16500738F76 /* SystemNodes.swift */,
				0375E9472D34C475006175F0 /* GraphTimestampModels.swift */,
			);
			path = Model;
			sourceTree = "<group>";
		};
		03ABF7832CD6D02400738F76 /* Repository */ = {
			isa = PBXGroup;
			children = (
				032222E52D2A1A4200DBECAB /* ConcurrentCache.swift */,
				0300B6CB2D2777AF00316337 /* ComputeValueHelpers */,
				0300B6C92D27755E00316337 /* GraphRepository+DataNeed.swift */,
				03ABF7A12CD9C1D200738F76 /* FilesystemGraphRepository.swift */,
				03ABF7912CD6D37100738F76 /* GraphRepository.swift */,
			);
			path = Repository;
			sourceTree = "<group>";
		};
		03D1D8DF28FB564700E76F27 /* AppViews */ = {
			isa = PBXGroup;
			children = (
				0300B6C52D275DC300316337 /* TagEditor.swift */,
				0300B6C32D275D8400316337 /* ImageView.swift */,
				035450012969D74100B5AAF6 /* FileSelectorView.swift */,
				031367E62713FCF200E69F83 /* ContentView.swift */,
				03D1D8DD28FB559B00E76F27 /* NodeView.swift */,
				0339C23D29010DA000345CB1 /* TransitionView.swift */,
			);
			path = AppViews;
			sourceTree = "<group>";
		};
		03DD60D229D105B2005EC4A5 /* ViewModel */ = {
			isa = PBXGroup;
			children = (
				039438FC2D0FB3620078EE32 /* GraphRepositoryNodeVM.swift */,
				039438FA2D0FB34C0078EE32 /* GraphRepositoryTransitionVM.swift */,
				03DD60D329D105C1005EC4A5 /* TransitionVM.swift */,
				03DD60D729D15891005EC4A5 /* NodeVM.swift */,
				03C9CB3E2A7765BF007F29E7 /* AnyNodeVM.swift */,
				03C9CB402A7765C9007F29E7 /* AnyTransitionVM.swift */,
				03C84EA32C27734C00DB3869 /* MockNodeVM.swift */,
				03C84EA52C27735600DB3869 /* MockTransitionVM.swift */,
			);
			path = ViewModel;
			sourceTree = "<group>";
		};
/* End PBXGroup section */

/* Begin PBXNativeTarget section */
		031367DE2713FCF200E69F83 /* Nodal */ = {
			isa = PBXNativeTarget;
			buildConfigurationList = 031368062713FCF400E69F83 /* Build configuration list for PBXNativeTarget "Nodal" */;
			buildPhases = (
				031367DB2713FCF200E69F83 /* Sources */,
				031367DC2713FCF200E69F83 /* Frameworks */,
				031367DD2713FCF200E69F83 /* Resources */,
			);
			buildRules = (
			);
			dependencies = (
			);
			name = Nodal;
			packageProductDependencies = (
				03A32F932A89684F00C6A30B /* AsyncButton */,
				03ABF77E2CD6CB0F00738F76 /* Algorithms */,
				03ABF7802CD6CB0F00738F76 /* AsyncAlgorithms */,
			);
			productName = Nodal;
			productReference = 031367DF2713FCF200E69F83 /* Nodal.app */;
			productType = "com.apple.product-type.application";
		};
		031367F12713FCF400E69F83 /* NodalTests */ = {
			isa = PBXNativeTarget;
			buildConfigurationList = 031368092713FCF400E69F83 /* Build configuration list for PBXNativeTarget "NodalTests" */;
			buildPhases = (
				031367EE2713FCF400E69F83 /* Sources */,
				031367EF2713FCF400E69F83 /* Frameworks */,
				031367F02713FCF400E69F83 /* Resources */,
			);
			buildRules = (
			);
			dependencies = (
				031367F42713FCF400E69F83 /* PBXTargetDependency */,
			);
			name = NodalTests;
			productName = NodalTests;
			productReference = 031367F22713FCF400E69F83 /* NodalTests.xctest */;
			productType = "com.apple.product-type.bundle.unit-test";
		};
		031367FC2713FCF400E69F83 /* NodalUITests */ = {
			isa = PBXNativeTarget;
			buildConfigurationList = 0313680C2713FCF400E69F83 /* Build configuration list for PBXNativeTarget "NodalUITests" */;
			buildPhases = (
				031367F92713FCF400E69F83 /* Sources */,
				031367FA2713FCF400E69F83 /* Frameworks */,
				031367FB2713FCF400E69F83 /* Resources */,
			);
			buildRules = (
			);
			dependencies = (
				031367FF2713FCF400E69F83 /* PBXTargetDependency */,
			);
			name = NodalUITests;
			productName = NodalUITests;
			productReference = 031367FD2713FCF400E69F83 /* NodalUITests.xctest */;
			productType = "com.apple.product-type.bundle.ui-testing";
		};
/* End PBXNativeTarget section */

/* Begin PBXProject section */
		031367D72713FCF200E69F83 /* Project object */ = {
			isa = PBXProject;
			attributes = {
				BuildIndependentTargetsInParallel = YES;
				LastSwiftUpdateCheck = 1250;
				LastUpgradeCheck = 1620;
				TargetAttributes = {
					031367DE2713FCF200E69F83 = {
						CreatedOnToolsVersion = 12.5.1;
					};
					031367F12713FCF400E69F83 = {
						CreatedOnToolsVersion = 12.5.1;
						TestTargetID = 031367DE2713FCF200E69F83;
					};
					031367FC2713FCF400E69F83 = {
						CreatedOnToolsVersion = 12.5.1;
						TestTargetID = 031367DE2713FCF200E69F83;
					};
					037869C22A5655FB00FEE005 = {
						CreatedOnToolsVersion = 14.3.1;
					};
				};
			};
			buildConfigurationList = 031367DA2713FCF200E69F83 /* Build configuration list for PBXProject "Nodal" */;
			compatibilityVersion = "Xcode 9.3";
			developmentRegion = en;
			hasScannedForEncodings = 0;
			knownRegions = (
				en,
				Base,
			);
			mainGroup = 031367D62713FCF200E69F83;
			packageReferences = (
				03A32F912A89683900C6A30B /* XCRemoteSwiftPackageReference "swiftui-async-button" */,
				03ABF77B2CD6CA9600738F76 /* XCRemoteSwiftPackageReference "swift-algorithms" */,
				03ABF77C2CD6CAA200738F76 /* XCRemoteSwiftPackageReference "swift-collections" */,
				03ABF77D2CD6CAB800738F76 /* XCRemoteSwiftPackageReference "swift-async-algorithms" */,
				03ABF7972CD72CB900738F76 /* XCRemoteSwiftPackageReference "Semaphore" */,
			);
			productRefGroup = 031367E02713FCF200E69F83 /* Products */;
			projectDirPath = "";
			projectRoot = "";
			targets = (
				031367DE2713FCF200E69F83 /* Nodal */,
				031367F12713FCF400E69F83 /* NodalTests */,
				031367FC2713FCF400E69F83 /* NodalUITests */,
				037869C22A5655FB00FEE005 /* Periphery */,
			);
		};
/* End PBXProject section */

/* Begin PBXResourcesBuildPhase section */
		031367DD2713FCF200E69F83 /* Resources */ = {
			isa = PBXResourcesBuildPhase;
			buildActionMask = 2147483647;
			files = (
				031367EC2713FCF400E69F83 /* Preview Assets.xcassets in Resources */,
				031367E92713FCF400E69F83 /* Assets.xcassets in Resources */,
			);
			runOnlyForDeploymentPostprocessing = 0;
		};
		031367F02713FCF400E69F83 /* Resources */ = {
			isa = PBXResourcesBuildPhase;
			buildActionMask = 2147483647;
			files = (
			);
			runOnlyForDeploymentPostprocessing = 0;
		};
		031367FB2713FCF400E69F83 /* Resources */ = {
			isa = PBXResourcesBuildPhase;
			buildActionMask = 2147483647;
			files = (
			);
			runOnlyForDeploymentPostprocessing = 0;
		};
/* End PBXResourcesBuildPhase section */

/* Begin PBXShellScriptBuildPhase section */
		037869C62A56560E00FEE005 /* ShellScript */ = {
			isa = PBXShellScriptBuildPhase;
			alwaysOutOfDate = 1;
			buildActionMask = 2147483647;
			files = (
			);
			inputFileListPaths = (
			);
			inputPaths = (
			);
			outputFileListPaths = (
			);
			outputPaths = (
			);
			runOnlyForDeploymentPostprocessing = 0;
			shellPath = /bin/sh;
			shellScript = "/opt/homebrew/bin/periphery scan --format xcode\n";
		};
/* End PBXShellScriptBuildPhase section */

/* Begin PBXSourcesBuildPhase section */
		031367DB2713FCF200E69F83 /* Sources */ = {
			isa = PBXSourcesBuildPhase;
			buildActionMask = 2147483647;
			files = (
				031CE3F629E21CDF001470BD /* FillableSymbolToggle.swift in Sources */,
				0313681227140A0900E69F83 /* Utils.swift in Sources */,
				0375E94A2D34C50B006175F0 /* Node+Codable.swift in Sources */,
				03ABF7862CD6D0A800738F76 /* NID.swift in Sources */,
				03C84EA42C27734C00DB3869 /* MockNodeVM.swift in Sources */,
				0375E9482D34C475006175F0 /* GraphTimestampModels.swift in Sources */,
				030CD85829F62B6800C27442 /* FillableSymbol.swift in Sources */,
				03C9CB412A7765C9007F29E7 /* AnyTransitionVM.swift in Sources */,
				035450022969D74100B5AAF6 /* FileSelectorView.swift in Sources */,
				03DD60D129D0C809005EC4A5 /* Loading.swift in Sources */,
				032222E62D2A1A4D00DBECAB /* ConcurrentCache.swift in Sources */,
				03DFE0B02A642F2900370692 /* Geometry.swift in Sources */,
				0339C23E29010DA000345CB1 /* TransitionView.swift in Sources */,
				031CE3F429DA8643001470BD /* Suspense.swift in Sources */,
				0300B6CA2D27756000316337 /* GraphRepository+DataNeed.swift in Sources */,
				03ABF7922CD6D37400738F76 /* GraphRepository.swift in Sources */,
				03ABF7A42CFC07D100738F76 /* URL+GraphPaths.swift in Sources */,
				03ABF7992CD9B6A600738F76 /* Node.swift in Sources */,
				03ABF7902CD6D16A00738F76 /* SystemNodes.swift in Sources */,
				03DD60D429D105C1005EC4A5 /* TransitionVM.swift in Sources */,
				039438FD2D0FB3670078EE32 /* GraphRepositoryNodeVM.swift in Sources */,
				03136814271415FA00E69F83 /* Extensions.swift in Sources */,
				03A32F962AAD929000C6A30B /* WeakDictionary.swift in Sources */,
				03C9CB3F2A7765BF007F29E7 /* AnyNodeVM.swift in Sources */,
				039438FB2D0FB3570078EE32 /* GraphRepositoryTransitionVM.swift in Sources */,
				03ABF78A2CD6D0EB00738F76 /* NodeDTO.swift in Sources */,
				0357C4CB2D2B6A4D00F7D03A /* Logging.swift in Sources */,
				0367FDCC2B1BBB4B00D4B3B3 /* NodeMetadataDocument.swift in Sources */,
				03ABF78C2CD6D0F000738F76 /* ConnectDTO.swift in Sources */,
				0313681627149ECE00E69F83 /* ZoomableScrollView.swift in Sources */,
				03ABF7A22CD9C1D700738F76 /* FilesystemGraphRepository.swift in Sources */,
				03C84EA82C27784000DB3869 /* Base62.swift in Sources */,
				03CB440C2D343D8600F0B675 /* FileAvailabilityObserver.swift in Sources */,
				0300B6C42D275D8700316337 /* ImageView.swift in Sources */,
				03A934C42A3F8AC20011DB8D /* DataDocument.swift in Sources */,
				03DD60D829D15891005EC4A5 /* NodeVM.swift in Sources */,
				0300B6CD2D2777C000316337 /* NID+ComputeNodeWithTimestamp.swift in Sources */,
				0300B6C62D275DC500316337 /* TagEditor.swift in Sources */,
				0375E94C2D34C65D006175F0 /* Node+NoAugmentation.swift in Sources */,
				034856AD2D40C19B00223C1A /* PreventSleeping.swift in Sources */,
				03D1D8DE28FB559B00E76F27 /* NodeView.swift in Sources */,
				031367E32713FCF200E69F83 /* NodalApp.swift in Sources */,
				0375E7C82782C06000FB6548 /* SafariView.swift in Sources */,
				0357C4CF2D2B724A00F7D03A /* Base62Id.swift in Sources */,
				03ABF78E2CD6D13C00738F76 /* NodeTransition.swift in Sources */,
				0395BD002D2073DB000C5D44 /* MaxAccumulator.swift in Sources */,
				038C93032A397ECF0059C8D6 /* Optional+Unwrapped.swift in Sources */,
				031367E72713FCF200E69F83 /* ContentView.swift in Sources */,
				039439012D0FCDEF0078EE32 /* TransitionKey.swift in Sources */,
				03DD60D629D11E04005EC4A5 /* ErrorIndicator.swift in Sources */,
				03C84EA62C27735600DB3869 /* MockTransitionVM.swift in Sources */,
				03EB93042A62158E0014BBF8 /* ZoomableView.swift in Sources */,
			);
			runOnlyForDeploymentPostprocessing = 0;
		};
		031367EE2713FCF400E69F83 /* Sources */ = {
			isa = PBXSourcesBuildPhase;
			buildActionMask = 2147483647;
			files = (
				034856AB2D40AB7000223C1A /* Tests.swift in Sources */,
				031367F72713FCF400E69F83 /* LegacyTests.swift in Sources */,
			);
			runOnlyForDeploymentPostprocessing = 0;
		};
		031367F92713FCF400E69F83 /* Sources */ = {
			isa = PBXSourcesBuildPhase;
			buildActionMask = 2147483647;
			files = (
				031368022713FCF400E69F83 /* NodalUITests.swift in Sources */,
			);
			runOnlyForDeploymentPostprocessing = 0;
		};
/* End PBXSourcesBuildPhase section */

/* Begin PBXTargetDependency section */
		031367F42713FCF400E69F83 /* PBXTargetDependency */ = {
			isa = PBXTargetDependency;
			target = 031367DE2713FCF200E69F83 /* Nodal */;
			targetProxy = 031367F32713FCF400E69F83 /* PBXContainerItemProxy */;
		};
		031367FF2713FCF400E69F83 /* PBXTargetDependency */ = {
			isa = PBXTargetDependency;
			target = 031367DE2713FCF200E69F83 /* Nodal */;
			targetProxy = 031367FE2713FCF400E69F83 /* PBXContainerItemProxy */;
		};
/* End PBXTargetDependency section */

/* Begin XCBuildConfiguration section */
		031368042713FCF400E69F83 /* Debug */ = {
			isa = XCBuildConfiguration;
			buildSettings = {
				ALWAYS_SEARCH_USER_PATHS = NO;
				ASSETCATALOG_COMPILER_GENERATE_SWIFT_ASSET_SYMBOL_EXTENSIONS = YES;
				CLANG_ANALYZER_NONNULL = YES;
				CLANG_ANALYZER_NUMBER_OBJECT_CONVERSION = YES_AGGRESSIVE;
				CLANG_CXX_LANGUAGE_STANDARD = "gnu++14";
				CLANG_CXX_LIBRARY = "libc++";
				CLANG_ENABLE_MODULES = YES;
				CLANG_ENABLE_OBJC_ARC = YES;
				CLANG_ENABLE_OBJC_WEAK = YES;
				CLANG_WARN_BLOCK_CAPTURE_AUTORELEASING = YES;
				CLANG_WARN_BOOL_CONVERSION = YES;
				CLANG_WARN_COMMA = YES;
				CLANG_WARN_CONSTANT_CONVERSION = YES;
				CLANG_WARN_DEPRECATED_OBJC_IMPLEMENTATIONS = YES;
				CLANG_WARN_DIRECT_OBJC_ISA_USAGE = YES_ERROR;
				CLANG_WARN_DOCUMENTATION_COMMENTS = YES;
				CLANG_WARN_EMPTY_BODY = YES;
				CLANG_WARN_ENUM_CONVERSION = YES;
				CLANG_WARN_INFINITE_RECURSION = YES;
				CLANG_WARN_INT_CONVERSION = YES;
				CLANG_WARN_NON_LITERAL_NULL_CONVERSION = YES;
				CLANG_WARN_OBJC_IMPLICIT_RETAIN_SELF = YES;
				CLANG_WARN_OBJC_LITERAL_CONVERSION = YES;
				CLANG_WARN_OBJC_ROOT_CLASS = YES_ERROR;
				CLANG_WARN_QUOTED_INCLUDE_IN_FRAMEWORK_HEADER = YES;
				CLANG_WARN_RANGE_LOOP_ANALYSIS = YES;
				CLANG_WARN_STRICT_PROTOTYPES = YES;
				CLANG_WARN_SUSPICIOUS_MOVE = YES;
				CLANG_WARN_UNGUARDED_AVAILABILITY = YES_AGGRESSIVE;
				CLANG_WARN_UNREACHABLE_CODE = YES;
				CLANG_WARN__DUPLICATE_METHOD_MATCH = YES;
				COPY_PHASE_STRIP = NO;
				DEBUG_INFORMATION_FORMAT = dwarf;
				ENABLE_STRICT_OBJC_MSGSEND = YES;
				ENABLE_TESTABILITY = YES;
				ENABLE_USER_SCRIPT_SANDBOXING = YES;
				GCC_C_LANGUAGE_STANDARD = gnu11;
				GCC_DYNAMIC_NO_PIC = NO;
				GCC_NO_COMMON_BLOCKS = YES;
				GCC_OPTIMIZATION_LEVEL = 0;
				GCC_PREPROCESSOR_DEFINITIONS = (
					"DEBUG=1",
					"$(inherited)",
				);
				GCC_WARN_64_TO_32_BIT_CONVERSION = YES;
				GCC_WARN_ABOUT_RETURN_TYPE = YES_ERROR;
				GCC_WARN_UNDECLARED_SELECTOR = YES;
				GCC_WARN_UNINITIALIZED_AUTOS = YES_AGGRESSIVE;
				GCC_WARN_UNUSED_FUNCTION = YES;
				GCC_WARN_UNUSED_VARIABLE = YES;
				IPHONEOS_DEPLOYMENT_TARGET = 18.0;
				MTL_ENABLE_DEBUG_INFO = INCLUDE_SOURCE;
				MTL_FAST_MATH = YES;
				ONLY_ACTIVE_ARCH = YES;
				OTHER_SWIFT_FLAGS = "-enable-upcoming-feature ConciseMagicFile";
				SDKROOT = iphoneos;
				SWIFT_ACTIVE_COMPILATION_CONDITIONS = DEBUG;
				SWIFT_OPTIMIZATION_LEVEL = "-Onone";
				SWIFT_VERSION = 5.0;
			};
			name = Debug;
		};
		031368052713FCF400E69F83 /* Release */ = {
			isa = XCBuildConfiguration;
			buildSettings = {
				ALWAYS_SEARCH_USER_PATHS = NO;
				ASSETCATALOG_COMPILER_GENERATE_SWIFT_ASSET_SYMBOL_EXTENSIONS = YES;
				CLANG_ANALYZER_NONNULL = YES;
				CLANG_ANALYZER_NUMBER_OBJECT_CONVERSION = YES_AGGRESSIVE;
				CLANG_CXX_LANGUAGE_STANDARD = "gnu++14";
				CLANG_CXX_LIBRARY = "libc++";
				CLANG_ENABLE_MODULES = YES;
				CLANG_ENABLE_OBJC_ARC = YES;
				CLANG_ENABLE_OBJC_WEAK = YES;
				CLANG_WARN_BLOCK_CAPTURE_AUTORELEASING = YES;
				CLANG_WARN_BOOL_CONVERSION = YES;
				CLANG_WARN_COMMA = YES;
				CLANG_WARN_CONSTANT_CONVERSION = YES;
				CLANG_WARN_DEPRECATED_OBJC_IMPLEMENTATIONS = YES;
				CLANG_WARN_DIRECT_OBJC_ISA_USAGE = YES_ERROR;
				CLANG_WARN_DOCUMENTATION_COMMENTS = YES;
				CLANG_WARN_EMPTY_BODY = YES;
				CLANG_WARN_ENUM_CONVERSION = YES;
				CLANG_WARN_INFINITE_RECURSION = YES;
				CLANG_WARN_INT_CONVERSION = YES;
				CLANG_WARN_NON_LITERAL_NULL_CONVERSION = YES;
				CLANG_WARN_OBJC_IMPLICIT_RETAIN_SELF = YES;
				CLANG_WARN_OBJC_LITERAL_CONVERSION = YES;
				CLANG_WARN_OBJC_ROOT_CLASS = YES_ERROR;
				CLANG_WARN_QUOTED_INCLUDE_IN_FRAMEWORK_HEADER = YES;
				CLANG_WARN_RANGE_LOOP_ANALYSIS = YES;
				CLANG_WARN_STRICT_PROTOTYPES = YES;
				CLANG_WARN_SUSPICIOUS_MOVE = YES;
				CLANG_WARN_UNGUARDED_AVAILABILITY = YES_AGGRESSIVE;
				CLANG_WARN_UNREACHABLE_CODE = YES;
				CLANG_WARN__DUPLICATE_METHOD_MATCH = YES;
				COPY_PHASE_STRIP = NO;
				DEBUG_INFORMATION_FORMAT = "dwarf-with-dsym";
				ENABLE_NS_ASSERTIONS = NO;
				ENABLE_STRICT_OBJC_MSGSEND = YES;
				ENABLE_USER_SCRIPT_SANDBOXING = YES;
				GCC_C_LANGUAGE_STANDARD = gnu11;
				GCC_NO_COMMON_BLOCKS = YES;
				GCC_WARN_64_TO_32_BIT_CONVERSION = YES;
				GCC_WARN_ABOUT_RETURN_TYPE = YES_ERROR;
				GCC_WARN_UNDECLARED_SELECTOR = YES;
				GCC_WARN_UNINITIALIZED_AUTOS = YES_AGGRESSIVE;
				GCC_WARN_UNUSED_FUNCTION = YES;
				GCC_WARN_UNUSED_VARIABLE = YES;
				IPHONEOS_DEPLOYMENT_TARGET = 18.0;
				MTL_ENABLE_DEBUG_INFO = NO;
				MTL_FAST_MATH = YES;
				OTHER_SWIFT_FLAGS = "-enable-upcoming-feature ConciseMagicFile";
				SDKROOT = iphoneos;
				SWIFT_COMPILATION_MODE = wholemodule;
				SWIFT_OPTIMIZATION_LEVEL = "-O";
				SWIFT_VERSION = 5.0;
				VALIDATE_PRODUCT = YES;
			};
			name = Release;
		};
		031368072713FCF400E69F83 /* Debug */ = {
			isa = XCBuildConfiguration;
			buildSettings = {
				ASSETCATALOG_COMPILER_APPICON_NAME = AppIcon;
				ASSETCATALOG_COMPILER_GLOBAL_ACCENT_COLOR_NAME = AccentColor;
				CODE_SIGN_ENTITLEMENTS = Nodal/Nodal.entitlements;
				CODE_SIGN_IDENTITY = "Apple Development";
				CODE_SIGN_STYLE = Automatic;
				DEVELOPMENT_ASSET_PATHS = "\"Nodal/Preview Content\"";
				DEVELOPMENT_TEAM = YJTZ9H869C;
				ENABLE_PREVIEWS = YES;
				INFOPLIST_FILE = Nodal/Info.plist;
				LD_RUNPATH_SEARCH_PATHS = (
					"$(inherited)",
					"@executable_path/Frameworks",
				);
				OTHER_SWIFT_FLAGS = "";
				PRODUCT_BUNDLE_IDENTIFIER = io.github.lehmacdj.view;
				PRODUCT_NAME = "$(TARGET_NAME)";
				PROVISIONING_PROFILE_SPECIFIER = "";
				SWIFT_UPCOMING_FEATURE_CONCISE_MAGIC_FILE = YES;
				SWIFT_VERSION = 6.0;
				TARGETED_DEVICE_FAMILY = "1,2";
			};
			name = Debug;
		};
		031368082713FCF400E69F83 /* Release */ = {
			isa = XCBuildConfiguration;
			buildSettings = {
				ASSETCATALOG_COMPILER_APPICON_NAME = AppIcon;
				ASSETCATALOG_COMPILER_GLOBAL_ACCENT_COLOR_NAME = AccentColor;
				CODE_SIGN_ENTITLEMENTS = Nodal/Nodal.entitlements;
				CODE_SIGN_IDENTITY = "Apple Development";
				CODE_SIGN_STYLE = Automatic;
				DEVELOPMENT_ASSET_PATHS = "\"Nodal/Preview Content\"";
				DEVELOPMENT_TEAM = YJTZ9H869C;
				ENABLE_PREVIEWS = YES;
				INFOPLIST_FILE = Nodal/Info.plist;
				LD_RUNPATH_SEARCH_PATHS = (
					"$(inherited)",
					"@executable_path/Frameworks",
				);
				OTHER_SWIFT_FLAGS = "";
				PRODUCT_BUNDLE_IDENTIFIER = io.github.lehmacdj.view;
				PRODUCT_NAME = "$(TARGET_NAME)";
				PROVISIONING_PROFILE_SPECIFIER = "";
				SWIFT_UPCOMING_FEATURE_CONCISE_MAGIC_FILE = YES;
				SWIFT_VERSION = 6.0;
				TARGETED_DEVICE_FAMILY = "1,2";
			};
			name = Release;
		};
		0313680A2713FCF400E69F83 /* Debug */ = {
			isa = XCBuildConfiguration;
			buildSettings = {
				BUNDLE_LOADER = "$(TEST_HOST)";
				CODE_SIGN_STYLE = Automatic;
				DEVELOPMENT_TEAM = YJTZ9H869C;
				INFOPLIST_FILE = NodalTests/Info.plist;
				LD_RUNPATH_SEARCH_PATHS = (
					"$(inherited)",
					"@executable_path/Frameworks",
					"@loader_path/Frameworks",
				);
				PRODUCT_BUNDLE_IDENTIFIER = io.github.lehmacdj.viewTests;
				PRODUCT_NAME = "$(TARGET_NAME)";
				SWIFT_VERSION = 5.0;
				TARGETED_DEVICE_FAMILY = "1,2";
				TEST_HOST = "$(BUILT_PRODUCTS_DIR)/Nodal.app/Nodal";
			};
			name = Debug;
		};
		0313680B2713FCF400E69F83 /* Release */ = {
			isa = XCBuildConfiguration;
			buildSettings = {
				BUNDLE_LOADER = "$(TEST_HOST)";
				CODE_SIGN_STYLE = Automatic;
				DEVELOPMENT_TEAM = YJTZ9H869C;
				INFOPLIST_FILE = NodalTests/Info.plist;
				LD_RUNPATH_SEARCH_PATHS = (
					"$(inherited)",
					"@executable_path/Frameworks",
					"@loader_path/Frameworks",
				);
				PRODUCT_BUNDLE_IDENTIFIER = io.github.lehmacdj.viewTests;
				PRODUCT_NAME = "$(TARGET_NAME)";
				SWIFT_VERSION = 5.0;
				TARGETED_DEVICE_FAMILY = "1,2";
				TEST_HOST = "$(BUILT_PRODUCTS_DIR)/Nodal.app/Nodal";
			};
			name = Release;
		};
		0313680D2713FCF400E69F83 /* Debug */ = {
			isa = XCBuildConfiguration;
			buildSettings = {
				CODE_SIGN_IDENTITY = "Apple Development";
				"CODE_SIGN_IDENTITY[sdk=macosx*]" = "Apple Development";
				CODE_SIGN_STYLE = Automatic;
				DEVELOPMENT_TEAM = YJTZ9H869C;
				INFOPLIST_FILE = NodalUITests/Info.plist;
				LD_RUNPATH_SEARCH_PATHS = (
					"$(inherited)",
					"@executable_path/Frameworks",
					"@loader_path/Frameworks",
				);
				PRODUCT_BUNDLE_IDENTIFIER = io.github.lehmacdj.viewUITests;
				PRODUCT_NAME = "$(TARGET_NAME)";
				PROVISIONING_PROFILE_SPECIFIER = "";
				"PROVISIONING_PROFILE_SPECIFIER[sdk=macosx*]" = "";
				SWIFT_VERSION = 5.0;
				TARGETED_DEVICE_FAMILY = "1,2";
				TEST_TARGET_NAME = Nodal;
			};
			name = Debug;
		};
		0313680E2713FCF400E69F83 /* Release */ = {
			isa = XCBuildConfiguration;
			buildSettings = {
				CODE_SIGN_IDENTITY = "Apple Development";
				"CODE_SIGN_IDENTITY[sdk=macosx*]" = "Apple Development";
				CODE_SIGN_STYLE = Automatic;
				DEVELOPMENT_TEAM = YJTZ9H869C;
				INFOPLIST_FILE = NodalUITests/Info.plist;
				LD_RUNPATH_SEARCH_PATHS = (
					"$(inherited)",
					"@executable_path/Frameworks",
					"@loader_path/Frameworks",
				);
				PRODUCT_BUNDLE_IDENTIFIER = io.github.lehmacdj.viewUITests;
				PRODUCT_NAME = "$(TARGET_NAME)";
				PROVISIONING_PROFILE_SPECIFIER = "";
				"PROVISIONING_PROFILE_SPECIFIER[sdk=macosx*]" = "";
				SWIFT_VERSION = 5.0;
				TARGETED_DEVICE_FAMILY = "1,2";
				TEST_TARGET_NAME = Nodal;
			};
			name = Release;
		};
		037869C42A5655FB00FEE005 /* Debug */ = {
			isa = XCBuildConfiguration;
			buildSettings = {
				CODE_SIGN_STYLE = Automatic;
				PRODUCT_NAME = "$(TARGET_NAME)";
			};
			name = Debug;
		};
		037869C52A5655FB00FEE005 /* Release */ = {
			isa = XCBuildConfiguration;
			buildSettings = {
				CODE_SIGN_STYLE = Automatic;
				PRODUCT_NAME = "$(TARGET_NAME)";
			};
			name = Release;
		};
/* End XCBuildConfiguration section */

/* Begin XCConfigurationList section */
		031367DA2713FCF200E69F83 /* Build configuration list for PBXProject "Nodal" */ = {
			isa = XCConfigurationList;
			buildConfigurations = (
				031368042713FCF400E69F83 /* Debug */,
				031368052713FCF400E69F83 /* Release */,
			);
			defaultConfigurationIsVisible = 0;
			defaultConfigurationName = Release;
		};
		031368062713FCF400E69F83 /* Build configuration list for PBXNativeTarget "Nodal" */ = {
			isa = XCConfigurationList;
			buildConfigurations = (
				031368072713FCF400E69F83 /* Debug */,
				031368082713FCF400E69F83 /* Release */,
			);
			defaultConfigurationIsVisible = 0;
			defaultConfigurationName = Release;
		};
		031368092713FCF400E69F83 /* Build configuration list for PBXNativeTarget "NodalTests" */ = {
			isa = XCConfigurationList;
			buildConfigurations = (
				0313680A2713FCF400E69F83 /* Debug */,
				0313680B2713FCF400E69F83 /* Release */,
			);
			defaultConfigurationIsVisible = 0;
			defaultConfigurationName = Release;
		};
		0313680C2713FCF400E69F83 /* Build configuration list for PBXNativeTarget "NodalUITests" */ = {
			isa = XCConfigurationList;
			buildConfigurations = (
				0313680D2713FCF400E69F83 /* Debug */,
				0313680E2713FCF400E69F83 /* Release */,
			);
			defaultConfigurationIsVisible = 0;
			defaultConfigurationName = Release;
		};
		037869C32A5655FB00FEE005 /* Build configuration list for PBXAggregateTarget "Periphery" */ = {
			isa = XCConfigurationList;
			buildConfigurations = (
				037869C42A5655FB00FEE005 /* Debug */,
				037869C52A5655FB00FEE005 /* Release */,
			);
			defaultConfigurationIsVisible = 0;
			defaultConfigurationName = Release;
		};
/* End XCConfigurationList section */

/* Begin XCRemoteSwiftPackageReference section */
		03A32F912A89683900C6A30B /* XCRemoteSwiftPackageReference "swiftui-async-button" */ = {
			isa = XCRemoteSwiftPackageReference;
			repositoryURL = "https://github.com/lehmacdj/swiftui-async-button";
			requirement = {
				kind = upToNextMajorVersion;
				minimumVersion = 1.1.1;
			};
		};
		03ABF77B2CD6CA9600738F76 /* XCRemoteSwiftPackageReference "swift-algorithms" */ = {
			isa = XCRemoteSwiftPackageReference;
			repositoryURL = "https://github.com/apple/swift-algorithms.git";
			requirement = {
				kind = upToNextMajorVersion;
				minimumVersion = 1.2.0;
			};
		};
		03ABF77C2CD6CAA200738F76 /* XCRemoteSwiftPackageReference "swift-collections" */ = {
			isa = XCRemoteSwiftPackageReference;
			repositoryURL = "https://github.com/apple/swift-collections.git";
			requirement = {
				kind = upToNextMajorVersion;
				minimumVersion = 1.1.4;
			};
		};
		03ABF77D2CD6CAB800738F76 /* XCRemoteSwiftPackageReference "swift-async-algorithms" */ = {
			isa = XCRemoteSwiftPackageReference;
			repositoryURL = "https://github.com/apple/swift-async-algorithms.git";
			requirement = {
				kind = upToNextMajorVersion;
				minimumVersion = 1.0.2;
			};
		};
		03ABF7972CD72CB900738F76 /* XCRemoteSwiftPackageReference "Semaphore" */ = {
			isa = XCRemoteSwiftPackageReference;
			repositoryURL = "https://github.com/groue/Semaphore";
			requirement = {
				kind = upToNextMajorVersion;
				minimumVersion = 0.1.0;
			};
		};
/* End XCRemoteSwiftPackageReference section */

/* Begin XCSwiftPackageProductDependency section */
		03A32F932A89684F00C6A30B /* AsyncButton */ = {
			isa = XCSwiftPackageProductDependency;
			package = 03A32F912A89683900C6A30B /* XCRemoteSwiftPackageReference "swiftui-async-button" */;
			productName = AsyncButton;
		};
		03ABF77E2CD6CB0F00738F76 /* Algorithms */ = {
			isa = XCSwiftPackageProductDependency;
			package = 03ABF77B2CD6CA9600738F76 /* XCRemoteSwiftPackageReference "swift-algorithms" */;
			productName = Algorithms;
		};
		03ABF7802CD6CB0F00738F76 /* AsyncAlgorithms */ = {
			isa = XCSwiftPackageProductDependency;
			package = 03ABF77D2CD6CAB800738F76 /* XCRemoteSwiftPackageReference "swift-async-algorithms" */;
			productName = AsyncAlgorithms;
		};
/* End XCSwiftPackageProductDependency section */
	};
	rootObject = 031367D72713FCF200E69F83 /* Project object */;
}
